// !$*UTF8*$!
{
	archiveVersion = 1;
	classes = {
	};
	objectVersion = 48;
	objects = {

/* Begin PBXBuildFile section */
		012309322079FFA50090DC05 /* ZXGUseage.m in Sources */ = {isa = PBXBuildFile; fileRef = 012309312079FFA50090DC05 /* ZXGUseage.m */; };
		01230935207A03410090DC05 /* ZXGPerson.m in Sources */ = {isa = PBXBuildFile; fileRef = 01230934207A03410090DC05 /* ZXGPerson.m */; };
		0139D0A42079A62D00012ADC /* ZXGDBOperation.m in Sources */ = {isa = PBXBuildFile; fileRef = 0139D0A32079A62D00012ADC /* ZXGDBOperation.m */; };
		0139D0A72079A9C500012ADC /* ZXGDBCRUDCondition.m in Sources */ = {isa = PBXBuildFile; fileRef = 0139D0A62079A9C500012ADC /* ZXGDBCRUDCondition.m */; };
		01793E462079AE0D0030B167 /* ZXGDBColumnCondition.m in Sources */ = {isa = PBXBuildFile; fileRef = 01793E452079AE0D0030B167 /* ZXGDBColumnCondition.m */; };
		01793E492079BA370030B167 /* ZXGDBWhereCondition.m in Sources */ = {isa = PBXBuildFile; fileRef = 01793E482079BA370030B167 /* ZXGDBWhereCondition.m */; };
		01793E4C2079C6510030B167 /* ZXGDBManager.m in Sources */ = {isa = PBXBuildFile; fileRef = 01793E4B2079C6510030B167 /* ZXGDBManager.m */; };
		019129102074DC4C0054912E /* AppDelegate.m in Sources */ = {isa = PBXBuildFile; fileRef = 0191290F2074DC4C0054912E /* AppDelegate.m */; };
		019129132074DC4C0054912E /* ViewController.m in Sources */ = {isa = PBXBuildFile; fileRef = 019129122074DC4C0054912E /* ViewController.m */; };
		019129162074DC4C0054912E /* Main.storyboard in Resources */ = {isa = PBXBuildFile; fileRef = 019129142074DC4C0054912E /* Main.storyboard */; };
		019129182074DC4C0054912E /* Assets.xcassets in Resources */ = {isa = PBXBuildFile; fileRef = 019129172074DC4C0054912E /* Assets.xcassets */; };
		0191291B2074DC4C0054912E /* LaunchScreen.storyboard in Resources */ = {isa = PBXBuildFile; fileRef = 019129192074DC4C0054912E /* LaunchScreen.storyboard */; };
		0191291E2074DC4C0054912E /* main.m in Sources */ = {isa = PBXBuildFile; fileRef = 0191291D2074DC4C0054912E /* main.m */; };
		047C26A5207CFA600042572C /* main.m in Sources */ = {isa = PBXBuildFile; fileRef = 047C26A4207CFA600042572C /* main.m */; };
		047C26A8207CFA600042572C /* AppDelegate.m in Sources */ = {isa = PBXBuildFile; fileRef = 047C26A7207CFA600042572C /* AppDelegate.m */; };
		047C26AB207CFA600042572C /* ViewController.m in Sources */ = {isa = PBXBuildFile; fileRef = 047C26AA207CFA600042572C /* ViewController.m */; };
		047C26AE207CFA600042572C /* Main.storyboard in Resources */ = {isa = PBXBuildFile; fileRef = 047C26AC207CFA600042572C /* Main.storyboard */; };
		047C26B0207CFA600042572C /* Assets.xcassets in Resources */ = {isa = PBXBuildFile; fileRef = 047C26AF207CFA600042572C /* Assets.xcassets */; };
		047C26B3207CFA600042572C /* LaunchScreen.storyboard in Resources */ = {isa = PBXBuildFile; fileRef = 047C26B1207CFA600042572C /* LaunchScreen.storyboard */; };
		1E57DD9B65E5DFFBC38592FE /* libPods-SDWebimage.a in Frameworks */ = {isa = PBXBuildFile; fileRef = 77678643378FDBB80F8A0FE7 /* libPods-SDWebimage.a */; };
		714026D9204FC0EC00D2993D /* SDWebImageCodersManager.m in Sources */ = {isa = PBXBuildFile; fileRef = 714026D6204FC0EC00D2993D /* SDWebImageCodersManager.m */; };
		714026DA204FC0EC00D2993D /* SDWebImageCoder.m in Sources */ = {isa = PBXBuildFile; fileRef = 714026D7204FC0EC00D2993D /* SDWebImageCoder.m */; };
		714026DC204FE58500D2993D /* 知识点 in Resources */ = {isa = PBXBuildFile; fileRef = 714026DB204FE58500D2993D /* 知识点 */; };
		714026FA2051217F00D2993D /* SDWebImageImageIOCoder.m in Sources */ = {isa = PBXBuildFile; fileRef = 714026F92051217F00D2993D /* SDWebImageImageIOCoder.m */; };
		71402701205123A900D2993D /* SDWebImageCoderHelper.m in Sources */ = {isa = PBXBuildFile; fileRef = 714026FB205123A900D2993D /* SDWebImageCoderHelper.m */; };
		71402702205123A900D2993D /* SDWebImageWebPCoder.m in Sources */ = {isa = PBXBuildFile; fileRef = 714026FC205123A900D2993D /* SDWebImageWebPCoder.m */; };
		71402703205123A900D2993D /* SDWebImageGIFCoder.m in Sources */ = {isa = PBXBuildFile; fileRef = 714026FD205123A900D2993D /* SDWebImageGIFCoder.m */; };
		717640E9204E6927006D3A18 /* TableViewController.m in Sources */ = {isa = PBXBuildFile; fileRef = 717640E8204E6926006D3A18 /* TableViewController.m */; };
		717640F6204E6991006D3A18 /* main.m in Sources */ = {isa = PBXBuildFile; fileRef = 717640EF204E6991006D3A18 /* main.m */; };
		717640F7204E6991006D3A18 /* Info.plist in Resources */ = {isa = PBXBuildFile; fileRef = 717640F0204E6991006D3A18 /* Info.plist */; };
		717640F8204E6991006D3A18 /* AppDelegate.m in Sources */ = {isa = PBXBuildFile; fileRef = 717640F2204E6991006D3A18 /* AppDelegate.m */; };
		717640F9204E6991006D3A18 /* Assets.xcassets in Resources */ = {isa = PBXBuildFile; fileRef = 717640F3204E6991006D3A18 /* Assets.xcassets */; };
		717640FE204E69A9006D3A18 /* LaunchScreen.storyboard in Resources */ = {isa = PBXBuildFile; fileRef = 717640FA204E69A9006D3A18 /* LaunchScreen.storyboard */; };
		717640FF204E69A9006D3A18 /* Main.storyboard in Resources */ = {isa = PBXBuildFile; fileRef = 717640FC204E69A9006D3A18 /* Main.storyboard */; };
		7176411B204E6A61006D3A18 /* AppDelegate.m in Sources */ = {isa = PBXBuildFile; fileRef = 7176411A204E6A61006D3A18 /* AppDelegate.m */; };
		7176411F204E6A6E006D3A18 /* Info.plist in Resources */ = {isa = PBXBuildFile; fileRef = 7176411C204E6A6D006D3A18 /* Info.plist */; };
		71764120204E6A6E006D3A18 /* TableViewController.m in Sources */ = {isa = PBXBuildFile; fileRef = 7176411D204E6A6E006D3A18 /* TableViewController.m */; };
		71764121204E6A6E006D3A18 /* main.m in Sources */ = {isa = PBXBuildFile; fileRef = 7176411E204E6A6E006D3A18 /* main.m */; };
		71764126204E6A7C006D3A18 /* LaunchScreen.storyboard in Resources */ = {isa = PBXBuildFile; fileRef = 71764122204E6A7C006D3A18 /* LaunchScreen.storyboard */; };
		71764127204E6A7C006D3A18 /* Main.storyboard in Resources */ = {isa = PBXBuildFile; fileRef = 71764124204E6A7C006D3A18 /* Main.storyboard */; };
		71764171204E6ABB006D3A18 /* SDImageCache.m in Sources */ = {isa = PBXBuildFile; fileRef = 7176412F204E6ABB006D3A18 /* SDImageCache.m */; };
		71764172204E6ABB006D3A18 /* SDImageCacheConfig.m in Sources */ = {isa = PBXBuildFile; fileRef = 71764130204E6ABB006D3A18 /* SDImageCacheConfig.m */; };
		71764173204E6ABB006D3A18 /* SDWebImageFrame.m in Sources */ = {isa = PBXBuildFile; fileRef = 71764131204E6ABB006D3A18 /* SDWebImageFrame.m */; };
		71764175204E6ABB006D3A18 /* FLAnimatedImageView+WebCache.m in Sources */ = {isa = PBXBuildFile; fileRef = 71764134204E6ABB006D3A18 /* FLAnimatedImageView+WebCache.m */; };
		71764177204E6ABB006D3A18 /* SDWebImageCompat.m in Sources */ = {isa = PBXBuildFile; fileRef = 71764139204E6ABB006D3A18 /* SDWebImageCompat.m */; };
		71764178204E6ABB006D3A18 /* SDWebImageDownloader.m in Sources */ = {isa = PBXBuildFile; fileRef = 7176413C204E6ABB006D3A18 /* SDWebImageDownloader.m */; };
		71764179204E6ABB006D3A18 /* SDWebImageDownloaderOperation.m in Sources */ = {isa = PBXBuildFile; fileRef = 7176413D204E6ABB006D3A18 /* SDWebImageDownloaderOperation.m */; };
		7176417A204E6ABB006D3A18 /* SDWebImageManager.m in Sources */ = {isa = PBXBuildFile; fileRef = 71764140204E6ABB006D3A18 /* SDWebImageManager.m */; };
		7176417B204E6ABB006D3A18 /* SDWebImagePrefetcher.m in Sources */ = {isa = PBXBuildFile; fileRef = 71764141204E6ABB006D3A18 /* SDWebImagePrefetcher.m */; };
		7176417D204E6ABB006D3A18 /* SDAnimatedImageRep.m in Sources */ = {isa = PBXBuildFile; fileRef = 71764146204E6ABB006D3A18 /* SDAnimatedImageRep.m */; };
		7176417E204E6ABB006D3A18 /* SDWebImageTransition.m in Sources */ = {isa = PBXBuildFile; fileRef = 71764148204E6ABB006D3A18 /* SDWebImageTransition.m */; };
		71764180204E6ABB006D3A18 /* UIImage+WebP.m in Sources */ = {isa = PBXBuildFile; fileRef = 7176414D204E6ABB006D3A18 /* UIImage+WebP.m */; };
		71764181204E6ABB006D3A18 /* MKAnnotationView+WebCache.m in Sources */ = {isa = PBXBuildFile; fileRef = 7176414E204E6ABB006D3A18 /* MKAnnotationView+WebCache.m */; };
		71764182204E6ABB006D3A18 /* UIImageView+HighlightedWebCache.m in Sources */ = {isa = PBXBuildFile; fileRef = 71764153204E6ABB006D3A18 /* UIImageView+HighlightedWebCache.m */; };
		71764183204E6ABB006D3A18 /* UIImage+ForceDecode.m in Sources */ = {isa = PBXBuildFile; fileRef = 71764154204E6ABB006D3A18 /* UIImage+ForceDecode.m */; };
		71764184204E6ABB006D3A18 /* UIImage+GIF.m in Sources */ = {isa = PBXBuildFile; fileRef = 71764155204E6ABB006D3A18 /* UIImage+GIF.m */; };
		71764185204E6ABB006D3A18 /* UIImage+MultiFormat.m in Sources */ = {isa = PBXBuildFile; fileRef = 71764157204E6ABB006D3A18 /* UIImage+MultiFormat.m */; };
		71764186204E6ABB006D3A18 /* NSButton+WebCache.m in Sources */ = {isa = PBXBuildFile; fileRef = 7176415A204E6ABB006D3A18 /* NSButton+WebCache.m */; };
		71764187204E6ABB006D3A18 /* NSData+ImageContentType.m in Sources */ = {isa = PBXBuildFile; fileRef = 7176415E204E6ABB006D3A18 /* NSData+ImageContentType.m */; };
		71764188204E6ABB006D3A18 /* UIImageView+WebCache.m in Sources */ = {isa = PBXBuildFile; fileRef = 7176415F204E6ABB006D3A18 /* UIImageView+WebCache.m */; };
		71764189204E6ABB006D3A18 /* NSImage+WebCache.m in Sources */ = {isa = PBXBuildFile; fileRef = 71764160204E6ABB006D3A18 /* NSImage+WebCache.m */; };
		7176418A204E6ABB006D3A18 /* UIView+WebCacheOperation.m in Sources */ = {isa = PBXBuildFile; fileRef = 71764162204E6ABB006D3A18 /* UIView+WebCacheOperation.m */; };
		7176418B204E6ABB006D3A18 /* UIView+WebCache.m in Sources */ = {isa = PBXBuildFile; fileRef = 71764163204E6ABB006D3A18 /* UIView+WebCache.m */; };
		7176418C204E6ABB006D3A18 /* UIButton+WebCache.m in Sources */ = {isa = PBXBuildFile; fileRef = 71764165204E6ABB006D3A18 /* UIButton+WebCache.m */; };
		7176418F204E6ABB006D3A18 /* FLAnimatedImage.m in Sources */ = {isa = PBXBuildFile; fileRef = 7176416C204E6ABB006D3A18 /* FLAnimatedImage.m */; };
		71764190204E6ABB006D3A18 /* FLAnimatedImageView.m in Sources */ = {isa = PBXBuildFile; fileRef = 7176416D204E6ABB006D3A18 /* FLAnimatedImageView.m */; };
		71764191204E6ABB006D3A18 /* Info.plist in Resources */ = {isa = PBXBuildFile; fileRef = 71764170204E6ABB006D3A18 /* Info.plist */; };
		71764193204E6B99006D3A18 /* Assets.xcassets in Resources */ = {isa = PBXBuildFile; fileRef = 71764192204E6B99006D3A18 /* Assets.xcassets */; };
		8EB8A6EDB903288C5BE45EB7 /* libPods-Third.a in Frameworks */ = {isa = PBXBuildFile; fileRef = 534CD848BDCCA385D90370C9 /* libPods-Third.a */; };
		DEC078ED49C9F7D5014AD879 /* libPods-LearnFMDB.a in Frameworks */ = {isa = PBXBuildFile; fileRef = ACF6E6539E0762694EDCBE30 /* libPods-LearnFMDB.a */; };
/* End PBXBuildFile section */

/* Begin PBXFileReference section */
		012309302079FFA50090DC05 /* ZXGUseage.h */ = {isa = PBXFileReference; lastKnownFileType = sourcecode.c.h; path = ZXGUseage.h; sourceTree = "<group>"; };
		012309312079FFA50090DC05 /* ZXGUseage.m */ = {isa = PBXFileReference; lastKnownFileType = sourcecode.c.objc; path = ZXGUseage.m; sourceTree = "<group>"; };
		01230933207A03410090DC05 /* ZXGPerson.h */ = {isa = PBXFileReference; lastKnownFileType = sourcecode.c.h; path = ZXGPerson.h; sourceTree = "<group>"; };
		01230934207A03410090DC05 /* ZXGPerson.m */ = {isa = PBXFileReference; lastKnownFileType = sourcecode.c.objc; path = ZXGPerson.m; sourceTree = "<group>"; };
		0139D0A22079A62D00012ADC /* ZXGDBOperation.h */ = {isa = PBXFileReference; lastKnownFileType = sourcecode.c.h; path = ZXGDBOperation.h; sourceTree = "<group>"; };
		0139D0A32079A62D00012ADC /* ZXGDBOperation.m */ = {isa = PBXFileReference; lastKnownFileType = sourcecode.c.objc; path = ZXGDBOperation.m; sourceTree = "<group>"; };
		0139D0A52079A9C500012ADC /* ZXGDBCRUDCondition.h */ = {isa = PBXFileReference; lastKnownFileType = sourcecode.c.h; path = ZXGDBCRUDCondition.h; sourceTree = "<group>"; };
		0139D0A62079A9C500012ADC /* ZXGDBCRUDCondition.m */ = {isa = PBXFileReference; lastKnownFileType = sourcecode.c.objc; path = ZXGDBCRUDCondition.m; sourceTree = "<group>"; };
		0139D0A82079AAF400012ADC /* ZXGDBConstDefine.h */ = {isa = PBXFileReference; lastKnownFileType = sourcecode.c.h; path = ZXGDBConstDefine.h; sourceTree = "<group>"; };
		015296A1E3AAACD1121D2246 /* Pods-Third.debug.xcconfig */ = {isa = PBXFileReference; includeInIndex = 1; lastKnownFileType = text.xcconfig; name = "Pods-Third.debug.xcconfig"; path = "Pods/Target Support Files/Pods-Third/Pods-Third.debug.xcconfig"; sourceTree = "<group>"; };
		01793E442079AE0D0030B167 /* ZXGDBColumnCondition.h */ = {isa = PBXFileReference; lastKnownFileType = sourcecode.c.h; path = ZXGDBColumnCondition.h; sourceTree = "<group>"; };
		01793E452079AE0D0030B167 /* ZXGDBColumnCondition.m */ = {isa = PBXFileReference; lastKnownFileType = sourcecode.c.objc; path = ZXGDBColumnCondition.m; sourceTree = "<group>"; };
		01793E472079BA370030B167 /* ZXGDBWhereCondition.h */ = {isa = PBXFileReference; lastKnownFileType = sourcecode.c.h; path = ZXGDBWhereCondition.h; sourceTree = "<group>"; };
		01793E482079BA370030B167 /* ZXGDBWhereCondition.m */ = {isa = PBXFileReference; lastKnownFileType = sourcecode.c.objc; path = ZXGDBWhereCondition.m; sourceTree = "<group>"; };
		01793E4A2079C6510030B167 /* ZXGDBManager.h */ = {isa = PBXFileReference; lastKnownFileType = sourcecode.c.h; path = ZXGDBManager.h; sourceTree = "<group>"; };
		01793E4B2079C6510030B167 /* ZXGDBManager.m */ = {isa = PBXFileReference; lastKnownFileType = sourcecode.c.objc; path = ZXGDBManager.m; sourceTree = "<group>"; };
		0191290C2074DC4C0054912E /* LearnFMDB.app */ = {isa = PBXFileReference; explicitFileType = wrapper.application; includeInIndex = 0; path = LearnFMDB.app; sourceTree = BUILT_PRODUCTS_DIR; };
		0191290E2074DC4C0054912E /* AppDelegate.h */ = {isa = PBXFileReference; lastKnownFileType = sourcecode.c.h; path = AppDelegate.h; sourceTree = "<group>"; };
		0191290F2074DC4C0054912E /* AppDelegate.m */ = {isa = PBXFileReference; lastKnownFileType = sourcecode.c.objc; path = AppDelegate.m; sourceTree = "<group>"; };
		019129112074DC4C0054912E /* ViewController.h */ = {isa = PBXFileReference; lastKnownFileType = sourcecode.c.h; path = ViewController.h; sourceTree = "<group>"; };
		019129122074DC4C0054912E /* ViewController.m */ = {isa = PBXFileReference; lastKnownFileType = sourcecode.c.objc; path = ViewController.m; sourceTree = "<group>"; };
		019129152074DC4C0054912E /* Base */ = {isa = PBXFileReference; lastKnownFileType = file.storyboard; name = Base; path = Base.lproj/Main.storyboard; sourceTree = "<group>"; };
		019129172074DC4C0054912E /* Assets.xcassets */ = {isa = PBXFileReference; lastKnownFileType = folder.assetcatalog; path = Assets.xcassets; sourceTree = "<group>"; };
		0191291A2074DC4C0054912E /* Base */ = {isa = PBXFileReference; lastKnownFileType = file.storyboard; name = Base; path = Base.lproj/LaunchScreen.storyboard; sourceTree = "<group>"; };
		0191291C2074DC4C0054912E /* Info.plist */ = {isa = PBXFileReference; lastKnownFileType = text.plist.xml; path = Info.plist; sourceTree = "<group>"; };
		0191291D2074DC4C0054912E /* main.m */ = {isa = PBXFileReference; lastKnownFileType = sourcecode.c.objc; path = main.m; sourceTree = "<group>"; };
		047C26A1207CFA600042572C /* LearnYYKit.app */ = {isa = PBXFileReference; explicitFileType = wrapper.application; includeInIndex = 0; path = LearnYYKit.app; sourceTree = BUILT_PRODUCTS_DIR; };
		047C26A4207CFA600042572C /* main.m */ = {isa = PBXFileReference; lastKnownFileType = sourcecode.c.objc; path = main.m; sourceTree = "<group>"; };
		047C26A6207CFA600042572C /* AppDelegate.h */ = {isa = PBXFileReference; lastKnownFileType = sourcecode.c.h; path = AppDelegate.h; sourceTree = "<group>"; };
		047C26A7207CFA600042572C /* AppDelegate.m */ = {isa = PBXFileReference; lastKnownFileType = sourcecode.c.objc; path = AppDelegate.m; sourceTree = "<group>"; };
		047C26A9207CFA600042572C /* ViewController.h */ = {isa = PBXFileReference; lastKnownFileType = sourcecode.c.h; path = ViewController.h; sourceTree = "<group>"; };
		047C26AA207CFA600042572C /* ViewController.m */ = {isa = PBXFileReference; lastKnownFileType = sourcecode.c.objc; path = ViewController.m; sourceTree = "<group>"; };
		047C26AD207CFA600042572C /* Base */ = {isa = PBXFileReference; lastKnownFileType = file.storyboard; name = Base; path = Base.lproj/Main.storyboard; sourceTree = "<group>"; };
		047C26AF207CFA600042572C /* Assets.xcassets */ = {isa = PBXFileReference; lastKnownFileType = folder.assetcatalog; path = Assets.xcassets; sourceTree = "<group>"; };
		047C26B2207CFA600042572C /* Base */ = {isa = PBXFileReference; lastKnownFileType = file.storyboard; name = Base; path = Base.lproj/LaunchScreen.storyboard; sourceTree = "<group>"; };
		047C26B4207CFA600042572C /* Info.plist */ = {isa = PBXFileReference; lastKnownFileType = text.plist.xml; path = Info.plist; sourceTree = "<group>"; };
		534CD848BDCCA385D90370C9 /* libPods-Third.a */ = {isa = PBXFileReference; explicitFileType = archive.ar; includeInIndex = 0; path = "libPods-Third.a"; sourceTree = BUILT_PRODUCTS_DIR; };
		714026D5204FC0EC00D2993D /* SDWebImageCoder.h */ = {isa = PBXFileReference; fileEncoding = 4; lastKnownFileType = sourcecode.c.h; path = SDWebImageCoder.h; sourceTree = "<group>"; };
		714026D6204FC0EC00D2993D /* SDWebImageCodersManager.m */ = {isa = PBXFileReference; fileEncoding = 4; lastKnownFileType = sourcecode.c.objc; path = SDWebImageCodersManager.m; sourceTree = "<group>"; };
		714026D7204FC0EC00D2993D /* SDWebImageCoder.m */ = {isa = PBXFileReference; fileEncoding = 4; lastKnownFileType = sourcecode.c.objc; path = SDWebImageCoder.m; sourceTree = "<group>"; };
		714026D8204FC0EC00D2993D /* SDWebImageCodersManager.h */ = {isa = PBXFileReference; fileEncoding = 4; lastKnownFileType = sourcecode.c.h; path = SDWebImageCodersManager.h; sourceTree = "<group>"; };
		714026DB204FE58500D2993D /* 知识点 */ = {isa = PBXFileReference; lastKnownFileType = text; path = "知识点"; sourceTree = "<group>"; };
		714026F82051217F00D2993D /* SDWebImageImageIOCoder.h */ = {isa = PBXFileReference; fileEncoding = 4; lastKnownFileType = sourcecode.c.h; path = SDWebImageImageIOCoder.h; sourceTree = "<group>"; };
		714026F92051217F00D2993D /* SDWebImageImageIOCoder.m */ = {isa = PBXFileReference; fileEncoding = 4; lastKnownFileType = sourcecode.c.objc; path = SDWebImageImageIOCoder.m; sourceTree = "<group>"; };
		714026FB205123A900D2993D /* SDWebImageCoderHelper.m */ = {isa = PBXFileReference; fileEncoding = 4; lastKnownFileType = sourcecode.c.objc; path = SDWebImageCoderHelper.m; sourceTree = "<group>"; };
		714026FC205123A900D2993D /* SDWebImageWebPCoder.m */ = {isa = PBXFileReference; fileEncoding = 4; lastKnownFileType = sourcecode.c.objc; path = SDWebImageWebPCoder.m; sourceTree = "<group>"; };
		714026FD205123A900D2993D /* SDWebImageGIFCoder.m */ = {isa = PBXFileReference; fileEncoding = 4; lastKnownFileType = sourcecode.c.objc; path = SDWebImageGIFCoder.m; sourceTree = "<group>"; };
		714026FE205123A900D2993D /* SDWebImageWebPCoder.h */ = {isa = PBXFileReference; fileEncoding = 4; lastKnownFileType = sourcecode.c.h; path = SDWebImageWebPCoder.h; sourceTree = "<group>"; };
		714026FF205123A900D2993D /* SDWebImageGIFCoder.h */ = {isa = PBXFileReference; fileEncoding = 4; lastKnownFileType = sourcecode.c.h; path = SDWebImageGIFCoder.h; sourceTree = "<group>"; };
		71402700205123A900D2993D /* SDWebImageCoderHelper.h */ = {isa = PBXFileReference; fileEncoding = 4; lastKnownFileType = sourcecode.c.h; path = SDWebImageCoderHelper.h; sourceTree = "<group>"; };
		717640E7204E6926006D3A18 /* TableViewController.h */ = {isa = PBXFileReference; fileEncoding = 4; lastKnownFileType = sourcecode.c.h; path = TableViewController.h; sourceTree = "<group>"; };
		717640E8204E6926006D3A18 /* TableViewController.m */ = {isa = PBXFileReference; fileEncoding = 4; lastKnownFileType = sourcecode.c.objc; path = TableViewController.m; sourceTree = "<group>"; };
		717640EF204E6991006D3A18 /* main.m */ = {isa = PBXFileReference; fileEncoding = 4; lastKnownFileType = sourcecode.c.objc; path = main.m; sourceTree = "<group>"; };
		717640F0204E6991006D3A18 /* Info.plist */ = {isa = PBXFileReference; fileEncoding = 4; lastKnownFileType = text.plist.xml; path = Info.plist; sourceTree = "<group>"; };
		717640F1204E6991006D3A18 /* AppDelegate.h */ = {isa = PBXFileReference; fileEncoding = 4; lastKnownFileType = sourcecode.c.h; path = AppDelegate.h; sourceTree = "<group>"; };
		717640F2204E6991006D3A18 /* AppDelegate.m */ = {isa = PBXFileReference; fileEncoding = 4; lastKnownFileType = sourcecode.c.objc; path = AppDelegate.m; sourceTree = "<group>"; };
		717640F3204E6991006D3A18 /* Assets.xcassets */ = {isa = PBXFileReference; lastKnownFileType = folder.assetcatalog; path = Assets.xcassets; sourceTree = "<group>"; };
		717640FB204E69A9006D3A18 /* Base */ = {isa = PBXFileReference; lastKnownFileType = file.storyboard; name = Base; path = Base.lproj/LaunchScreen.storyboard; sourceTree = "<group>"; };
		717640FD204E69A9006D3A18 /* Base */ = {isa = PBXFileReference; lastKnownFileType = file.storyboard; name = Base; path = Base.lproj/Main.storyboard; sourceTree = "<group>"; };
		71764104204E6A33006D3A18 /* SDWebimage.app */ = {isa = PBXFileReference; explicitFileType = wrapper.application; includeInIndex = 0; path = SDWebimage.app; sourceTree = BUILT_PRODUCTS_DIR; };
		71764106204E6A33006D3A18 /* AppDelegate.h */ = {isa = PBXFileReference; lastKnownFileType = sourcecode.c.h; path = AppDelegate.h; sourceTree = "<group>"; };
		71764109204E6A33006D3A18 /* TableViewController.h */ = {isa = PBXFileReference; lastKnownFileType = sourcecode.c.h; path = TableViewController.h; sourceTree = "<group>"; };
		7176411A204E6A61006D3A18 /* AppDelegate.m */ = {isa = PBXFileReference; fileEncoding = 4; lastKnownFileType = sourcecode.c.objc; path = AppDelegate.m; sourceTree = "<group>"; };
		7176411C204E6A6D006D3A18 /* Info.plist */ = {isa = PBXFileReference; fileEncoding = 4; lastKnownFileType = text.plist.xml; path = Info.plist; sourceTree = "<group>"; };
		7176411D204E6A6E006D3A18 /* TableViewController.m */ = {isa = PBXFileReference; fileEncoding = 4; lastKnownFileType = sourcecode.c.objc; path = TableViewController.m; sourceTree = "<group>"; };
		7176411E204E6A6E006D3A18 /* main.m */ = {isa = PBXFileReference; fileEncoding = 4; lastKnownFileType = sourcecode.c.objc; path = main.m; sourceTree = "<group>"; };
		71764123204E6A7C006D3A18 /* Base */ = {isa = PBXFileReference; lastKnownFileType = file.storyboard; name = Base; path = Base.lproj/LaunchScreen.storyboard; sourceTree = "<group>"; };
		71764125204E6A7C006D3A18 /* Base */ = {isa = PBXFileReference; lastKnownFileType = file.storyboard; name = Base; path = Base.lproj/Main.storyboard; sourceTree = "<group>"; };
		71764129204E6ABB006D3A18 /* SDAnimatedImageRep.h */ = {isa = PBXFileReference; fileEncoding = 4; lastKnownFileType = sourcecode.c.h; path = SDAnimatedImageRep.h; sourceTree = "<group>"; };
		7176412B204E6ABB006D3A18 /* SDWebImageTransition.h */ = {isa = PBXFileReference; fileEncoding = 4; lastKnownFileType = sourcecode.c.h; path = SDWebImageTransition.h; sourceTree = "<group>"; };
		7176412D204E6ABB006D3A18 /* SDImageCache.h */ = {isa = PBXFileReference; fileEncoding = 4; lastKnownFileType = sourcecode.c.h; path = SDImageCache.h; sourceTree = "<group>"; };
		7176412E204E6ABB006D3A18 /* SDImageCacheConfig.h */ = {isa = PBXFileReference; fileEncoding = 4; lastKnownFileType = sourcecode.c.h; path = SDImageCacheConfig.h; sourceTree = "<group>"; };
		7176412F204E6ABB006D3A18 /* SDImageCache.m */ = {isa = PBXFileReference; fileEncoding = 4; lastKnownFileType = sourcecode.c.objc; path = SDImageCache.m; sourceTree = "<group>"; };
		71764130204E6ABB006D3A18 /* SDImageCacheConfig.m */ = {isa = PBXFileReference; fileEncoding = 4; lastKnownFileType = sourcecode.c.objc; path = SDImageCacheConfig.m; sourceTree = "<group>"; };
		71764131204E6ABB006D3A18 /* SDWebImageFrame.m */ = {isa = PBXFileReference; fileEncoding = 4; lastKnownFileType = sourcecode.c.objc; path = SDWebImageFrame.m; sourceTree = "<group>"; };
		71764134204E6ABB006D3A18 /* FLAnimatedImageView+WebCache.m */ = {isa = PBXFileReference; fileEncoding = 4; lastKnownFileType = sourcecode.c.objc; path = "FLAnimatedImageView+WebCache.m"; sourceTree = "<group>"; };
		71764135204E6ABB006D3A18 /* FLAnimatedImageView+WebCache.h */ = {isa = PBXFileReference; fileEncoding = 4; lastKnownFileType = sourcecode.c.h; path = "FLAnimatedImageView+WebCache.h"; sourceTree = "<group>"; };
		71764139204E6ABB006D3A18 /* SDWebImageCompat.m */ = {isa = PBXFileReference; fileEncoding = 4; lastKnownFileType = sourcecode.c.objc; path = SDWebImageCompat.m; sourceTree = "<group>"; };
		7176413B204E6ABB006D3A18 /* SDWebImageDownloaderOperation.h */ = {isa = PBXFileReference; fileEncoding = 4; lastKnownFileType = sourcecode.c.h; path = SDWebImageDownloaderOperation.h; sourceTree = "<group>"; };
		7176413C204E6ABB006D3A18 /* SDWebImageDownloader.m */ = {isa = PBXFileReference; fileEncoding = 4; lastKnownFileType = sourcecode.c.objc; path = SDWebImageDownloader.m; sourceTree = "<group>"; };
		7176413D204E6ABB006D3A18 /* SDWebImageDownloaderOperation.m */ = {isa = PBXFileReference; fileEncoding = 4; lastKnownFileType = sourcecode.c.objc; path = SDWebImageDownloaderOperation.m; sourceTree = "<group>"; };
		7176413E204E6ABB006D3A18 /* SDWebImageDownloader.h */ = {isa = PBXFileReference; fileEncoding = 4; lastKnownFileType = sourcecode.c.h; path = SDWebImageDownloader.h; sourceTree = "<group>"; };
		71764140204E6ABB006D3A18 /* SDWebImageManager.m */ = {isa = PBXFileReference; fileEncoding = 4; lastKnownFileType = sourcecode.c.objc; path = SDWebImageManager.m; sourceTree = "<group>"; };
		71764141204E6ABB006D3A18 /* SDWebImagePrefetcher.m */ = {isa = PBXFileReference; fileEncoding = 4; lastKnownFileType = sourcecode.c.objc; path = SDWebImagePrefetcher.m; sourceTree = "<group>"; };
		71764142204E6ABB006D3A18 /* SDWebImageManager.h */ = {isa = PBXFileReference; fileEncoding = 4; lastKnownFileType = sourcecode.c.h; path = SDWebImageManager.h; sourceTree = "<group>"; };
		71764143204E6ABB006D3A18 /* SDWebImagePrefetcher.h */ = {isa = PBXFileReference; fileEncoding = 4; lastKnownFileType = sourcecode.c.h; path = SDWebImagePrefetcher.h; sourceTree = "<group>"; };
		71764146204E6ABB006D3A18 /* SDAnimatedImageRep.m */ = {isa = PBXFileReference; fileEncoding = 4; lastKnownFileType = sourcecode.c.objc; path = SDAnimatedImageRep.m; sourceTree = "<group>"; };
		71764147204E6ABB006D3A18 /* SDWebImageFrame.h */ = {isa = PBXFileReference; fileEncoding = 4; lastKnownFileType = sourcecode.c.h; path = SDWebImageFrame.h; sourceTree = "<group>"; };
		71764148204E6ABB006D3A18 /* SDWebImageTransition.m */ = {isa = PBXFileReference; fileEncoding = 4; lastKnownFileType = sourcecode.c.objc; path = SDWebImageTransition.m; sourceTree = "<group>"; };
		7176414D204E6ABB006D3A18 /* UIImage+WebP.m */ = {isa = PBXFileReference; fileEncoding = 4; lastKnownFileType = sourcecode.c.objc; path = "UIImage+WebP.m"; sourceTree = "<group>"; };
		7176414E204E6ABB006D3A18 /* MKAnnotationView+WebCache.m */ = {isa = PBXFileReference; fileEncoding = 4; lastKnownFileType = sourcecode.c.objc; path = "MKAnnotationView+WebCache.m"; sourceTree = "<group>"; };
		7176414F204E6ABB006D3A18 /* NSButton+WebCache.h */ = {isa = PBXFileReference; fileEncoding = 4; lastKnownFileType = sourcecode.c.h; path = "NSButton+WebCache.h"; sourceTree = "<group>"; };
		71764150204E6ABB006D3A18 /* NSImage+WebCache.h */ = {isa = PBXFileReference; fileEncoding = 4; lastKnownFileType = sourcecode.c.h; path = "NSImage+WebCache.h"; sourceTree = "<group>"; };
		71764151204E6ABB006D3A18 /* UIImageView+WebCache.h */ = {isa = PBXFileReference; fileEncoding = 4; lastKnownFileType = sourcecode.c.h; path = "UIImageView+WebCache.h"; sourceTree = "<group>"; };
		71764152204E6ABB006D3A18 /* NSData+ImageContentType.h */ = {isa = PBXFileReference; fileEncoding = 4; lastKnownFileType = sourcecode.c.h; path = "NSData+ImageContentType.h"; sourceTree = "<group>"; };
		71764153204E6ABB006D3A18 /* UIImageView+HighlightedWebCache.m */ = {isa = PBXFileReference; fileEncoding = 4; lastKnownFileType = sourcecode.c.objc; path = "UIImageView+HighlightedWebCache.m"; sourceTree = "<group>"; };
		71764154204E6ABB006D3A18 /* UIImage+ForceDecode.m */ = {isa = PBXFileReference; fileEncoding = 4; lastKnownFileType = sourcecode.c.objc; path = "UIImage+ForceDecode.m"; sourceTree = "<group>"; };
		71764155204E6ABB006D3A18 /* UIImage+GIF.m */ = {isa = PBXFileReference; fileEncoding = 4; lastKnownFileType = sourcecode.c.objc; path = "UIImage+GIF.m"; sourceTree = "<group>"; };
		71764156204E6ABB006D3A18 /* UIButton+WebCache.h */ = {isa = PBXFileReference; fileEncoding = 4; lastKnownFileType = sourcecode.c.h; path = "UIButton+WebCache.h"; sourceTree = "<group>"; };
		71764157204E6ABB006D3A18 /* UIImage+MultiFormat.m */ = {isa = PBXFileReference; fileEncoding = 4; lastKnownFileType = sourcecode.c.objc; path = "UIImage+MultiFormat.m"; sourceTree = "<group>"; };
		71764158204E6ABB006D3A18 /* UIView+WebCache.h */ = {isa = PBXFileReference; fileEncoding = 4; lastKnownFileType = sourcecode.c.h; path = "UIView+WebCache.h"; sourceTree = "<group>"; };
		71764159204E6ABB006D3A18 /* UIView+WebCacheOperation.h */ = {isa = PBXFileReference; fileEncoding = 4; lastKnownFileType = sourcecode.c.h; path = "UIView+WebCacheOperation.h"; sourceTree = "<group>"; };
		7176415A204E6ABB006D3A18 /* NSButton+WebCache.m */ = {isa = PBXFileReference; fileEncoding = 4; lastKnownFileType = sourcecode.c.objc; path = "NSButton+WebCache.m"; sourceTree = "<group>"; };
		7176415B204E6ABB006D3A18 /* MKAnnotationView+WebCache.h */ = {isa = PBXFileReference; fileEncoding = 4; lastKnownFileType = sourcecode.c.h; path = "MKAnnotationView+WebCache.h"; sourceTree = "<group>"; };
		7176415C204E6ABB006D3A18 /* UIImage+WebP.h */ = {isa = PBXFileReference; fileEncoding = 4; lastKnownFileType = sourcecode.c.h; path = "UIImage+WebP.h"; sourceTree = "<group>"; };
		7176415D204E6ABB006D3A18 /* UIImageView+HighlightedWebCache.h */ = {isa = PBXFileReference; fileEncoding = 4; lastKnownFileType = sourcecode.c.h; path = "UIImageView+HighlightedWebCache.h"; sourceTree = "<group>"; };
		7176415E204E6ABB006D3A18 /* NSData+ImageContentType.m */ = {isa = PBXFileReference; fileEncoding = 4; lastKnownFileType = sourcecode.c.objc; path = "NSData+ImageContentType.m"; sourceTree = "<group>"; };
		7176415F204E6ABB006D3A18 /* UIImageView+WebCache.m */ = {isa = PBXFileReference; fileEncoding = 4; lastKnownFileType = sourcecode.c.objc; path = "UIImageView+WebCache.m"; sourceTree = "<group>"; };
		71764160204E6ABB006D3A18 /* NSImage+WebCache.m */ = {isa = PBXFileReference; fileEncoding = 4; lastKnownFileType = sourcecode.c.objc; path = "NSImage+WebCache.m"; sourceTree = "<group>"; };
		71764161204E6ABB006D3A18 /* UIImage+ForceDecode.h */ = {isa = PBXFileReference; fileEncoding = 4; lastKnownFileType = sourcecode.c.h; path = "UIImage+ForceDecode.h"; sourceTree = "<group>"; };
		71764162204E6ABB006D3A18 /* UIView+WebCacheOperation.m */ = {isa = PBXFileReference; fileEncoding = 4; lastKnownFileType = sourcecode.c.objc; path = "UIView+WebCacheOperation.m"; sourceTree = "<group>"; };
		71764163204E6ABB006D3A18 /* UIView+WebCache.m */ = {isa = PBXFileReference; fileEncoding = 4; lastKnownFileType = sourcecode.c.objc; path = "UIView+WebCache.m"; sourceTree = "<group>"; };
		71764164204E6ABB006D3A18 /* UIImage+MultiFormat.h */ = {isa = PBXFileReference; fileEncoding = 4; lastKnownFileType = sourcecode.c.h; path = "UIImage+MultiFormat.h"; sourceTree = "<group>"; };
		71764165204E6ABB006D3A18 /* UIButton+WebCache.m */ = {isa = PBXFileReference; fileEncoding = 4; lastKnownFileType = sourcecode.c.objc; path = "UIButton+WebCache.m"; sourceTree = "<group>"; };
		71764166204E6ABB006D3A18 /* UIImage+GIF.h */ = {isa = PBXFileReference; fileEncoding = 4; lastKnownFileType = sourcecode.c.h; path = "UIImage+GIF.h"; sourceTree = "<group>"; };
		71764168204E6ABB006D3A18 /* SDWebImageCompat.h */ = {isa = PBXFileReference; fileEncoding = 4; lastKnownFileType = sourcecode.c.h; path = SDWebImageCompat.h; sourceTree = "<group>"; };
		7176416C204E6ABB006D3A18 /* FLAnimatedImage.m */ = {isa = PBXFileReference; fileEncoding = 4; lastKnownFileType = sourcecode.c.objc; path = FLAnimatedImage.m; sourceTree = "<group>"; };
		7176416D204E6ABB006D3A18 /* FLAnimatedImageView.m */ = {isa = PBXFileReference; fileEncoding = 4; lastKnownFileType = sourcecode.c.objc; path = FLAnimatedImageView.m; sourceTree = "<group>"; };
		7176416E204E6ABB006D3A18 /* FLAnimatedImage.h */ = {isa = PBXFileReference; fileEncoding = 4; lastKnownFileType = sourcecode.c.h; path = FLAnimatedImage.h; sourceTree = "<group>"; };
		7176416F204E6ABB006D3A18 /* FLAnimatedImageView.h */ = {isa = PBXFileReference; fileEncoding = 4; lastKnownFileType = sourcecode.c.h; path = FLAnimatedImageView.h; sourceTree = "<group>"; };
		71764170204E6ABB006D3A18 /* Info.plist */ = {isa = PBXFileReference; fileEncoding = 4; lastKnownFileType = text.plist.xml; path = Info.plist; sourceTree = "<group>"; };
		71764192204E6B99006D3A18 /* Assets.xcassets */ = {isa = PBXFileReference; lastKnownFileType = folder.assetcatalog; path = Assets.xcassets; sourceTree = "<group>"; };
		717641B4204E885D006D3A18 /* SDWebImageOperation.h */ = {isa = PBXFileReference; fileEncoding = 4; lastKnownFileType = sourcecode.c.h; path = SDWebImageOperation.h; sourceTree = "<group>"; };
		71DDFCFA20468F90002B54D8 /* Third.app */ = {isa = PBXFileReference; explicitFileType = wrapper.application; includeInIndex = 0; path = Third.app; sourceTree = BUILT_PRODUCTS_DIR; };
		77678643378FDBB80F8A0FE7 /* libPods-SDWebimage.a */ = {isa = PBXFileReference; explicitFileType = archive.ar; includeInIndex = 0; path = "libPods-SDWebimage.a"; sourceTree = BUILT_PRODUCTS_DIR; };
		9A5DCEC92601A4563ECE649B /* Pods-Third.release.xcconfig */ = {isa = PBXFileReference; includeInIndex = 1; lastKnownFileType = text.xcconfig; name = "Pods-Third.release.xcconfig"; path = "Pods/Target Support Files/Pods-Third/Pods-Third.release.xcconfig"; sourceTree = "<group>"; };
		ACF6E6539E0762694EDCBE30 /* libPods-LearnFMDB.a */ = {isa = PBXFileReference; explicitFileType = archive.ar; includeInIndex = 0; path = "libPods-LearnFMDB.a"; sourceTree = BUILT_PRODUCTS_DIR; };
		B7F6A901B4C6B1EE2484AFB8 /* Pods-SDWebimage.release.xcconfig */ = {isa = PBXFileReference; includeInIndex = 1; lastKnownFileType = text.xcconfig; name = "Pods-SDWebimage.release.xcconfig"; path = "Pods/Target Support Files/Pods-SDWebimage/Pods-SDWebimage.release.xcconfig"; sourceTree = "<group>"; };
		D750594FC610D37555E2915D /* Pods-SDWebimage.debug.xcconfig */ = {isa = PBXFileReference; includeInIndex = 1; lastKnownFileType = text.xcconfig; name = "Pods-SDWebimage.debug.xcconfig"; path = "Pods/Target Support Files/Pods-SDWebimage/Pods-SDWebimage.debug.xcconfig"; sourceTree = "<group>"; };
		E7DCCC48E1558686B3013D57 /* Pods-LearnFMDB.release.xcconfig */ = {isa = PBXFileReference; includeInIndex = 1; lastKnownFileType = text.xcconfig; name = "Pods-LearnFMDB.release.xcconfig"; path = "../Pods/Target Support Files/Pods-LearnFMDB/Pods-LearnFMDB.release.xcconfig"; sourceTree = "<group>"; };
		EAE26EF61E8F69CC3D0E8B1F /* Pods-LearnFMDB.debug.xcconfig */ = {isa = PBXFileReference; includeInIndex = 1; lastKnownFileType = text.xcconfig; name = "Pods-LearnFMDB.debug.xcconfig"; path = "../Pods/Target Support Files/Pods-LearnFMDB/Pods-LearnFMDB.debug.xcconfig"; sourceTree = "<group>"; };
/* End PBXFileReference section */

/* Begin PBXFrameworksBuildPhase section */
		019129092074DC4C0054912E /* Frameworks */ = {
			isa = PBXFrameworksBuildPhase;
			buildActionMask = 2147483647;
			files = (
				DEC078ED49C9F7D5014AD879 /* libPods-LearnFMDB.a in Frameworks */,
			);
			runOnlyForDeploymentPostprocessing = 0;
		};
		047C269E207CFA600042572C /* Frameworks */ = {
			isa = PBXFrameworksBuildPhase;
			buildActionMask = 2147483647;
			files = (
			);
			runOnlyForDeploymentPostprocessing = 0;
		};
		71764101204E6A33006D3A18 /* Frameworks */ = {
			isa = PBXFrameworksBuildPhase;
			buildActionMask = 2147483647;
			files = (
				1E57DD9B65E5DFFBC38592FE /* libPods-SDWebimage.a in Frameworks */,
			);
			runOnlyForDeploymentPostprocessing = 0;
		};
		71DDFCF720468F90002B54D8 /* Frameworks */ = {
			isa = PBXFrameworksBuildPhase;
			buildActionMask = 2147483647;
			files = (
				8EB8A6EDB903288C5BE45EB7 /* libPods-Third.a in Frameworks */,
			);
			runOnlyForDeploymentPostprocessing = 0;
		};
/* End PBXFrameworksBuildPhase section */

/* Begin PBXGroup section */
		0139D0A12079A5E500012ADC /* ZXGDBManager */ = {
			isa = PBXGroup;
			children = (
				0139D0A22079A62D00012ADC /* ZXGDBOperation.h */,
				0139D0A32079A62D00012ADC /* ZXGDBOperation.m */,
				0139D0A52079A9C500012ADC /* ZXGDBCRUDCondition.h */,
				0139D0A62079A9C500012ADC /* ZXGDBCRUDCondition.m */,
				0139D0A82079AAF400012ADC /* ZXGDBConstDefine.h */,
				01793E442079AE0D0030B167 /* ZXGDBColumnCondition.h */,
				01793E452079AE0D0030B167 /* ZXGDBColumnCondition.m */,
				01793E472079BA370030B167 /* ZXGDBWhereCondition.h */,
				01793E482079BA370030B167 /* ZXGDBWhereCondition.m */,
				01793E4A2079C6510030B167 /* ZXGDBManager.h */,
				01793E4B2079C6510030B167 /* ZXGDBManager.m */,
			);
			path = ZXGDBManager;
			sourceTree = "<group>";
		};
		0191290D2074DC4C0054912E /* LearnFMDB */ = {
			isa = PBXGroup;
			children = (
				0139D0A12079A5E500012ADC /* ZXGDBManager */,
				0191290E2074DC4C0054912E /* AppDelegate.h */,
				0191290F2074DC4C0054912E /* AppDelegate.m */,
				012309302079FFA50090DC05 /* ZXGUseage.h */,
				012309312079FFA50090DC05 /* ZXGUseage.m */,
				01230933207A03410090DC05 /* ZXGPerson.h */,
				01230934207A03410090DC05 /* ZXGPerson.m */,
				019129112074DC4C0054912E /* ViewController.h */,
				019129122074DC4C0054912E /* ViewController.m */,
				019129142074DC4C0054912E /* Main.storyboard */,
				019129172074DC4C0054912E /* Assets.xcassets */,
				019129192074DC4C0054912E /* LaunchScreen.storyboard */,
				0191291C2074DC4C0054912E /* Info.plist */,
				0191291D2074DC4C0054912E /* main.m */,
			);
			path = LearnFMDB;
			sourceTree = "<group>";
		};
		043A97B6894260887FC53591 /* Frameworks */ = {
			isa = PBXGroup;
			children = (
				77678643378FDBB80F8A0FE7 /* libPods-SDWebimage.a */,
				534CD848BDCCA385D90370C9 /* libPods-Third.a */,
				ACF6E6539E0762694EDCBE30 /* libPods-LearnFMDB.a */,
			);
			name = Frameworks;
			sourceTree = "<group>";
		};
		047C26A2207CFA600042572C /* LearnYYKit */ = {
			isa = PBXGroup;
			children = (
				047C26A6207CFA600042572C /* AppDelegate.h */,
				047C26A7207CFA600042572C /* AppDelegate.m */,
				047C26A9207CFA600042572C /* ViewController.h */,
				047C26AA207CFA600042572C /* ViewController.m */,
				047C26AC207CFA600042572C /* Main.storyboard */,
				047C26AF207CFA600042572C /* Assets.xcassets */,
				047C26B1207CFA600042572C /* LaunchScreen.storyboard */,
				047C26B4207CFA600042572C /* Info.plist */,
				047C26A3207CFA600042572C /* Supporting Files */,
			);
			path = LearnYYKit;
			sourceTree = "<group>";
		};
		047C26A3207CFA600042572C /* Supporting Files */ = {
			isa = PBXGroup;
			children = (
				047C26A4207CFA600042572C /* main.m */,
			);
			name = "Supporting Files";
			sourceTree = "<group>";
		};
		378122F29E919E62AC4265DB /* Pods */ = {
			isa = PBXGroup;
			children = (
				D750594FC610D37555E2915D /* Pods-SDWebimage.debug.xcconfig */,
				B7F6A901B4C6B1EE2484AFB8 /* Pods-SDWebimage.release.xcconfig */,
				015296A1E3AAACD1121D2246 /* Pods-Third.debug.xcconfig */,
				9A5DCEC92601A4563ECE649B /* Pods-Third.release.xcconfig */,
				EAE26EF61E8F69CC3D0E8B1F /* Pods-LearnFMDB.debug.xcconfig */,
				E7DCCC48E1558686B3013D57 /* Pods-LearnFMDB.release.xcconfig */,
			);
			name = Pods;
			sourceTree = "<group>";
		};
		714026D4204FC0EC00D2993D /* Coder */ = {
			isa = PBXGroup;
			children = (
				71402700205123A900D2993D /* SDWebImageCoderHelper.h */,
				714026FB205123A900D2993D /* SDWebImageCoderHelper.m */,
				714026FF205123A900D2993D /* SDWebImageGIFCoder.h */,
				714026FD205123A900D2993D /* SDWebImageGIFCoder.m */,
				714026FE205123A900D2993D /* SDWebImageWebPCoder.h */,
				714026FC205123A900D2993D /* SDWebImageWebPCoder.m */,
				714026F82051217F00D2993D /* SDWebImageImageIOCoder.h */,
				714026F92051217F00D2993D /* SDWebImageImageIOCoder.m */,
				714026D8204FC0EC00D2993D /* SDWebImageCodersManager.h */,
				714026D6204FC0EC00D2993D /* SDWebImageCodersManager.m */,
				714026D5204FC0EC00D2993D /* SDWebImageCoder.h */,
				714026D7204FC0EC00D2993D /* SDWebImageCoder.m */,
			);
			path = Coder;
			sourceTree = "<group>";
		};
		71764105204E6A33006D3A18 /* SDWebimage */ = {
			isa = PBXGroup;
			children = (
				7176416B204E6ABB006D3A18 /* FLAnimatedImage */,
				71764128204E6ABB006D3A18 /* SDWebImage */,
				71764106204E6A33006D3A18 /* AppDelegate.h */,
				7176411A204E6A61006D3A18 /* AppDelegate.m */,
				71764109204E6A33006D3A18 /* TableViewController.h */,
				7176411D204E6A6E006D3A18 /* TableViewController.m */,
				71764192204E6B99006D3A18 /* Assets.xcassets */,
				71764122204E6A7C006D3A18 /* LaunchScreen.storyboard */,
				71764124204E6A7C006D3A18 /* Main.storyboard */,
				7176411C204E6A6D006D3A18 /* Info.plist */,
				7176411E204E6A6E006D3A18 /* main.m */,
				714026DB204FE58500D2993D /* 知识点 */,
			);
			path = SDWebimage;
			sourceTree = "<group>";
		};
		71764128204E6ABB006D3A18 /* SDWebImage */ = {
			isa = PBXGroup;
			children = (
				714026D4204FC0EC00D2993D /* Coder */,
				71764129204E6ABB006D3A18 /* SDAnimatedImageRep.h */,
				71764146204E6ABB006D3A18 /* SDAnimatedImageRep.m */,
				71764147204E6ABB006D3A18 /* SDWebImageFrame.h */,
				71764131204E6ABB006D3A18 /* SDWebImageFrame.m */,
				71764168204E6ABB006D3A18 /* SDWebImageCompat.h */,
				71764139204E6ABB006D3A18 /* SDWebImageCompat.m */,
				7176412B204E6ABB006D3A18 /* SDWebImageTransition.h */,
				71764148204E6ABB006D3A18 /* SDWebImageTransition.m */,
				7176412C204E6ABB006D3A18 /* Cache */,
				71764133204E6ABB006D3A18 /* FLAnimatedImage */,
				7176413A204E6ABB006D3A18 /* Downloader */,
				7176413F204E6ABB006D3A18 /* Utils */,
				7176414C204E6ABB006D3A18 /* Categories */,
			);
			path = SDWebImage;
			sourceTree = "<group>";
		};
		7176412C204E6ABB006D3A18 /* Cache */ = {
			isa = PBXGroup;
			children = (
				7176412D204E6ABB006D3A18 /* SDImageCache.h */,
				7176412F204E6ABB006D3A18 /* SDImageCache.m */,
				7176412E204E6ABB006D3A18 /* SDImageCacheConfig.h */,
				71764130204E6ABB006D3A18 /* SDImageCacheConfig.m */,
			);
			path = Cache;
			sourceTree = "<group>";
		};
		71764133204E6ABB006D3A18 /* FLAnimatedImage */ = {
			isa = PBXGroup;
			children = (
				71764134204E6ABB006D3A18 /* FLAnimatedImageView+WebCache.m */,
				71764135204E6ABB006D3A18 /* FLAnimatedImageView+WebCache.h */,
			);
			path = FLAnimatedImage;
			sourceTree = "<group>";
		};
		7176413A204E6ABB006D3A18 /* Downloader */ = {
			isa = PBXGroup;
			children = (
				717641B4204E885D006D3A18 /* SDWebImageOperation.h */,
				7176413E204E6ABB006D3A18 /* SDWebImageDownloader.h */,
				7176413C204E6ABB006D3A18 /* SDWebImageDownloader.m */,
				7176413B204E6ABB006D3A18 /* SDWebImageDownloaderOperation.h */,
				7176413D204E6ABB006D3A18 /* SDWebImageDownloaderOperation.m */,
			);
			path = Downloader;
			sourceTree = "<group>";
		};
		7176413F204E6ABB006D3A18 /* Utils */ = {
			isa = PBXGroup;
			children = (
				71764142204E6ABB006D3A18 /* SDWebImageManager.h */,
				71764140204E6ABB006D3A18 /* SDWebImageManager.m */,
				71764141204E6ABB006D3A18 /* SDWebImagePrefetcher.m */,
				71764143204E6ABB006D3A18 /* SDWebImagePrefetcher.h */,
			);
			path = Utils;
			sourceTree = "<group>";
		};
		7176414C204E6ABB006D3A18 /* Categories */ = {
			isa = PBXGroup;
			children = (
				71764151204E6ABB006D3A18 /* UIImageView+WebCache.h */,
				7176415F204E6ABB006D3A18 /* UIImageView+WebCache.m */,
				71764158204E6ABB006D3A18 /* UIView+WebCache.h */,
				71764163204E6ABB006D3A18 /* UIView+WebCache.m */,
				71764159204E6ABB006D3A18 /* UIView+WebCacheOperation.h */,
				71764162204E6ABB006D3A18 /* UIView+WebCacheOperation.m */,
				7176415C204E6ABB006D3A18 /* UIImage+WebP.h */,
				7176414D204E6ABB006D3A18 /* UIImage+WebP.m */,
				7176415B204E6ABB006D3A18 /* MKAnnotationView+WebCache.h */,
				7176414E204E6ABB006D3A18 /* MKAnnotationView+WebCache.m */,
				7176414F204E6ABB006D3A18 /* NSButton+WebCache.h */,
				7176415A204E6ABB006D3A18 /* NSButton+WebCache.m */,
				71764150204E6ABB006D3A18 /* NSImage+WebCache.h */,
				71764160204E6ABB006D3A18 /* NSImage+WebCache.m */,
				71764152204E6ABB006D3A18 /* NSData+ImageContentType.h */,
				7176415E204E6ABB006D3A18 /* NSData+ImageContentType.m */,
				7176415D204E6ABB006D3A18 /* UIImageView+HighlightedWebCache.h */,
				71764153204E6ABB006D3A18 /* UIImageView+HighlightedWebCache.m */,
				71764161204E6ABB006D3A18 /* UIImage+ForceDecode.h */,
				71764154204E6ABB006D3A18 /* UIImage+ForceDecode.m */,
				71764166204E6ABB006D3A18 /* UIImage+GIF.h */,
				71764155204E6ABB006D3A18 /* UIImage+GIF.m */,
				71764156204E6ABB006D3A18 /* UIButton+WebCache.h */,
				71764165204E6ABB006D3A18 /* UIButton+WebCache.m */,
				71764164204E6ABB006D3A18 /* UIImage+MultiFormat.h */,
				71764157204E6ABB006D3A18 /* UIImage+MultiFormat.m */,
			);
			path = Categories;
			sourceTree = "<group>";
		};
		7176416B204E6ABB006D3A18 /* FLAnimatedImage */ = {
			isa = PBXGroup;
			children = (
				7176416C204E6ABB006D3A18 /* FLAnimatedImage.m */,
				7176416D204E6ABB006D3A18 /* FLAnimatedImageView.m */,
				7176416E204E6ABB006D3A18 /* FLAnimatedImage.h */,
				7176416F204E6ABB006D3A18 /* FLAnimatedImageView.h */,
				71764170204E6ABB006D3A18 /* Info.plist */,
			);
			path = FLAnimatedImage;
			sourceTree = "<group>";
		};
		71DDFCF120468F90002B54D8 = {
			isa = PBXGroup;
			children = (
				71DDFCFC20468F90002B54D8 /* Third */,
				71764105204E6A33006D3A18 /* SDWebimage */,
				0191290D2074DC4C0054912E /* LearnFMDB */,
				047C26A2207CFA600042572C /* LearnYYKit */,
				71DDFCFB20468F90002B54D8 /* Products */,
				378122F29E919E62AC4265DB /* Pods */,
				043A97B6894260887FC53591 /* Frameworks */,
			);
			sourceTree = "<group>";
		};
		71DDFCFB20468F90002B54D8 /* Products */ = {
			isa = PBXGroup;
			children = (
				71DDFCFA20468F90002B54D8 /* Third.app */,
				71764104204E6A33006D3A18 /* SDWebimage.app */,
				0191290C2074DC4C0054912E /* LearnFMDB.app */,
				047C26A1207CFA600042572C /* LearnYYKit.app */,
			);
			name = Products;
			sourceTree = "<group>";
		};
		71DDFCFC20468F90002B54D8 /* Third */ = {
			isa = PBXGroup;
			children = (
				717640E7204E6926006D3A18 /* TableViewController.h */,
				717640E8204E6926006D3A18 /* TableViewController.m */,
				717640F1204E6991006D3A18 /* AppDelegate.h */,
				717640F2204E6991006D3A18 /* AppDelegate.m */,
				717640F3204E6991006D3A18 /* Assets.xcassets */,
				717640FA204E69A9006D3A18 /* LaunchScreen.storyboard */,
				717640FC204E69A9006D3A18 /* Main.storyboard */,
				717640F0204E6991006D3A18 /* Info.plist */,
				717640EF204E6991006D3A18 /* main.m */,
			);
			path = Third;
			sourceTree = "<group>";
		};
/* End PBXGroup section */

/* Begin PBXNativeTarget section */
		0191290B2074DC4C0054912E /* LearnFMDB */ = {
			isa = PBXNativeTarget;
			buildConfigurationList = 019129212074DC4C0054912E /* Build configuration list for PBXNativeTarget "LearnFMDB" */;
			buildPhases = (
				33EA2D0445A23750160CECBB /* [CP] Check Pods Manifest.lock */,
				019129082074DC4C0054912E /* Sources */,
				019129092074DC4C0054912E /* Frameworks */,
				0191290A2074DC4C0054912E /* Resources */,
				D1763E0B406E0A9B7555CECB /* [CP] Embed Pods Frameworks */,
				EDB16D6CED6453A698484210 /* [CP] Copy Pods Resources */,
			);
			buildRules = (
			);
			dependencies = (
			);
			name = LearnFMDB;
			productName = LearnFMDB;
			productReference = 0191290C2074DC4C0054912E /* LearnFMDB.app */;
			productType = "com.apple.product-type.application";
		};
		047C26A0207CFA600042572C /* LearnYYKit */ = {
			isa = PBXNativeTarget;
			buildConfigurationList = 047C26B7207CFA600042572C /* Build configuration list for PBXNativeTarget "LearnYYKit" */;
			buildPhases = (
				047C269D207CFA600042572C /* Sources */,
				047C269E207CFA600042572C /* Frameworks */,
				047C269F207CFA600042572C /* Resources */,
			);
			buildRules = (
			);
			dependencies = (
			);
			name = LearnYYKit;
			productName = LearnYYKit;
			productReference = 047C26A1207CFA600042572C /* LearnYYKit.app */;
			productType = "com.apple.product-type.application";
		};
		71764103204E6A33006D3A18 /* SDWebimage */ = {
			isa = PBXNativeTarget;
			buildConfigurationList = 71764117204E6A33006D3A18 /* Build configuration list for PBXNativeTarget "SDWebimage" */;
			buildPhases = (
				A541AA9E76E5FCD0979148E3 /* [CP] Check Pods Manifest.lock */,
				71764100204E6A33006D3A18 /* Sources */,
				71764101204E6A33006D3A18 /* Frameworks */,
				71764102204E6A33006D3A18 /* Resources */,
				DA0FF5A34D4AB2B1D7A4EEBE /* [CP] Embed Pods Frameworks */,
				C625683C01BCF1EEF8450FCF /* [CP] Copy Pods Resources */,
			);
			buildRules = (
			);
			dependencies = (
			);
			name = SDWebimage;
			productName = SDWebimage;
			productReference = 71764104204E6A33006D3A18 /* SDWebimage.app */;
			productType = "com.apple.product-type.application";
		};
		71DDFCF920468F90002B54D8 /* Third */ = {
			isa = PBXNativeTarget;
			buildConfigurationList = 71DDFD0B20468F90002B54D8 /* Build configuration list for PBXNativeTarget "Third" */;
			buildPhases = (
				1950CB46339EFC96CD2C9176 /* [CP] Check Pods Manifest.lock */,
				71DDFCF620468F90002B54D8 /* Sources */,
				71DDFCF720468F90002B54D8 /* Frameworks */,
				71DDFCF820468F90002B54D8 /* Resources */,
				945907145FFF58BA85EB334E /* [CP] Embed Pods Frameworks */,
				EAD29C9E7077B94CE006E868 /* [CP] Copy Pods Resources */,
			);
			buildRules = (
			);
			dependencies = (
			);
			name = Third;
			productName = Third;
			productReference = 71DDFCFA20468F90002B54D8 /* Third.app */;
			productType = "com.apple.product-type.application";
		};
/* End PBXNativeTarget section */

/* Begin PBXProject section */
		71DDFCF220468F90002B54D8 /* Project object */ = {
			isa = PBXProject;
			attributes = {
				LastUpgradeCheck = 0920;
				ORGANIZATIONNAME = feizhu;
				TargetAttributes = {
					0191290B2074DC4C0054912E = {
						CreatedOnToolsVersion = 9.0.1;
						ProvisioningStyle = Automatic;
					};
					047C26A0207CFA600042572C = {
						CreatedOnToolsVersion = 8.2.1;
						ProvisioningStyle = Automatic;
					};
					71764103204E6A33006D3A18 = {
						CreatedOnToolsVersion = 9.2;
						ProvisioningStyle = Automatic;
					};
					71DDFCF920468F90002B54D8 = {
						CreatedOnToolsVersion = 9.2;
						ProvisioningStyle = Automatic;
					};
				};
			};
			buildConfigurationList = 71DDFCF520468F90002B54D8 /* Build configuration list for PBXProject "Third" */;
			compatibilityVersion = "Xcode 8.0";
			developmentRegion = en;
			hasScannedForEncodings = 0;
			knownRegions = (
				en,
				Base,
			);
			mainGroup = 71DDFCF120468F90002B54D8;
			productRefGroup = 71DDFCFB20468F90002B54D8 /* Products */;
			projectDirPath = "";
			projectRoot = "";
			targets = (
				71DDFCF920468F90002B54D8 /* Third */,
				71764103204E6A33006D3A18 /* SDWebimage */,
				0191290B2074DC4C0054912E /* LearnFMDB */,
				047C26A0207CFA600042572C /* LearnYYKit */,
			);
		};
/* End PBXProject section */

/* Begin PBXResourcesBuildPhase section */
		0191290A2074DC4C0054912E /* Resources */ = {
			isa = PBXResourcesBuildPhase;
			buildActionMask = 2147483647;
			files = (
				0191291B2074DC4C0054912E /* LaunchScreen.storyboard in Resources */,
				019129182074DC4C0054912E /* Assets.xcassets in Resources */,
				019129162074DC4C0054912E /* Main.storyboard in Resources */,
			);
			runOnlyForDeploymentPostprocessing = 0;
		};
		047C269F207CFA600042572C /* Resources */ = {
			isa = PBXResourcesBuildPhase;
			buildActionMask = 2147483647;
			files = (
				047C26B3207CFA600042572C /* LaunchScreen.storyboard in Resources */,
				047C26B0207CFA600042572C /* Assets.xcassets in Resources */,
				047C26AE207CFA600042572C /* Main.storyboard in Resources */,
			);
			runOnlyForDeploymentPostprocessing = 0;
		};
		71764102204E6A33006D3A18 /* Resources */ = {
			isa = PBXResourcesBuildPhase;
			buildActionMask = 2147483647;
			files = (
				71764191204E6ABB006D3A18 /* Info.plist in Resources */,
				71764127204E6A7C006D3A18 /* Main.storyboard in Resources */,
				7176411F204E6A6E006D3A18 /* Info.plist in Resources */,
				714026DC204FE58500D2993D /* 知识点 in Resources */,
				71764126204E6A7C006D3A18 /* LaunchScreen.storyboard in Resources */,
				71764193204E6B99006D3A18 /* Assets.xcassets in Resources */,
			);
			runOnlyForDeploymentPostprocessing = 0;
		};
		71DDFCF820468F90002B54D8 /* Resources */ = {
			isa = PBXResourcesBuildPhase;
			buildActionMask = 2147483647;
			files = (
				717640FE204E69A9006D3A18 /* LaunchScreen.storyboard in Resources */,
				717640F9204E6991006D3A18 /* Assets.xcassets in Resources */,
				717640F7204E6991006D3A18 /* Info.plist in Resources */,
				717640FF204E69A9006D3A18 /* Main.storyboard in Resources */,
			);
			runOnlyForDeploymentPostprocessing = 0;
		};
/* End PBXResourcesBuildPhase section */

/* Begin PBXShellScriptBuildPhase section */
		1950CB46339EFC96CD2C9176 /* [CP] Check Pods Manifest.lock */ = {
			isa = PBXShellScriptBuildPhase;
			buildActionMask = 2147483647;
			files = (
			);
			inputPaths = (
				"${PODS_PODFILE_DIR_PATH}/Podfile.lock",
				"${PODS_ROOT}/Manifest.lock",
			);
			name = "[CP] Check Pods Manifest.lock";
			outputPaths = (
				"$(DERIVED_FILE_DIR)/Pods-Third-checkManifestLockResult.txt",
			);
			runOnlyForDeploymentPostprocessing = 0;
			shellPath = /bin/sh;
			shellScript = "diff \"${PODS_PODFILE_DIR_PATH}/Podfile.lock\" \"${PODS_ROOT}/Manifest.lock\" > /dev/null\nif [ $? != 0 ] ; then\n    # print error to STDERR\n    echo \"error: The sandbox is not in sync with the Podfile.lock. Run 'pod install' or update your CocoaPods installation.\" >&2\n    exit 1\nfi\n# This output is used by Xcode 'outputs' to avoid re-running this script phase.\necho \"SUCCESS\" > \"${SCRIPT_OUTPUT_FILE_0}\"\n";
			showEnvVarsInLog = 0;
		};
		33EA2D0445A23750160CECBB /* [CP] Check Pods Manifest.lock */ = {
			isa = PBXShellScriptBuildPhase;
			buildActionMask = 2147483647;
			files = (
			);
			inputPaths = (
				"${PODS_PODFILE_DIR_PATH}/Podfile.lock",
				"${PODS_ROOT}/Manifest.lock",
			);
			name = "[CP] Check Pods Manifest.lock";
			outputPaths = (
				"$(DERIVED_FILE_DIR)/Pods-LearnFMDB-checkManifestLockResult.txt",
			);
			runOnlyForDeploymentPostprocessing = 0;
			shellPath = /bin/sh;
			shellScript = "diff \"${PODS_PODFILE_DIR_PATH}/Podfile.lock\" \"${PODS_ROOT}/Manifest.lock\" > /dev/null\nif [ $? != 0 ] ; then\n    # print error to STDERR\n    echo \"error: The sandbox is not in sync with the Podfile.lock. Run 'pod install' or update your CocoaPods installation.\" >&2\n    exit 1\nfi\n# This output is used by Xcode 'outputs' to avoid re-running this script phase.\necho \"SUCCESS\" > \"${SCRIPT_OUTPUT_FILE_0}\"\n";
			showEnvVarsInLog = 0;
		};
		945907145FFF58BA85EB334E /* [CP] Embed Pods Frameworks */ = {
			isa = PBXShellScriptBuildPhase;
			buildActionMask = 2147483647;
			files = (
			);
			inputPaths = (
			);
			name = "[CP] Embed Pods Frameworks";
			outputPaths = (
			);
			runOnlyForDeploymentPostprocessing = 0;
			shellPath = /bin/sh;
			shellScript = "\"${SRCROOT}/../Pods/Target Support Files/Pods-Third/Pods-Third-frameworks.sh\"\n";
			showEnvVarsInLog = 0;
		};
		A541AA9E76E5FCD0979148E3 /* [CP] Check Pods Manifest.lock */ = {
			isa = PBXShellScriptBuildPhase;
			buildActionMask = 2147483647;
			files = (
			);
			inputPaths = (
				"${PODS_PODFILE_DIR_PATH}/Podfile.lock",
				"${PODS_ROOT}/Manifest.lock",
			);
			name = "[CP] Check Pods Manifest.lock";
			outputPaths = (
				"$(DERIVED_FILE_DIR)/Pods-SDWebimage-checkManifestLockResult.txt",
			);
			runOnlyForDeploymentPostprocessing = 0;
			shellPath = /bin/sh;
			shellScript = "diff \"${PODS_PODFILE_DIR_PATH}/Podfile.lock\" \"${PODS_ROOT}/Manifest.lock\" > /dev/null\nif [ $? != 0 ] ; then\n    # print error to STDERR\n    echo \"error: The sandbox is not in sync with the Podfile.lock. Run 'pod install' or update your CocoaPods installation.\" >&2\n    exit 1\nfi\n# This output is used by Xcode 'outputs' to avoid re-running this script phase.\necho \"SUCCESS\" > \"${SCRIPT_OUTPUT_FILE_0}\"\n";
			showEnvVarsInLog = 0;
		};
		C625683C01BCF1EEF8450FCF /* [CP] Copy Pods Resources */ = {
			isa = PBXShellScriptBuildPhase;
			buildActionMask = 2147483647;
			files = (
			);
			inputPaths = (
			);
			name = "[CP] Copy Pods Resources";
			outputPaths = (
			);
			runOnlyForDeploymentPostprocessing = 0;
			shellPath = /bin/sh;
			shellScript = "\"${SRCROOT}/../Pods/Target Support Files/Pods-SDWebimage/Pods-SDWebimage-resources.sh\"\n";
			showEnvVarsInLog = 0;
		};
		D1763E0B406E0A9B7555CECB /* [CP] Embed Pods Frameworks */ = {
			isa = PBXShellScriptBuildPhase;
			buildActionMask = 2147483647;
			files = (
			);
			inputPaths = (
			);
			name = "[CP] Embed Pods Frameworks";
			outputPaths = (
			);
			runOnlyForDeploymentPostprocessing = 0;
			shellPath = /bin/sh;
			shellScript = "\"${SRCROOT}/../Pods/Target Support Files/Pods-LearnFMDB/Pods-LearnFMDB-frameworks.sh\"\n";
			showEnvVarsInLog = 0;
		};
		DA0FF5A34D4AB2B1D7A4EEBE /* [CP] Embed Pods Frameworks */ = {
			isa = PBXShellScriptBuildPhase;
			buildActionMask = 2147483647;
			files = (
			);
			inputPaths = (
			);
			name = "[CP] Embed Pods Frameworks";
			outputPaths = (
			);
			runOnlyForDeploymentPostprocessing = 0;
			shellPath = /bin/sh;
			shellScript = "\"${SRCROOT}/../Pods/Target Support Files/Pods-SDWebimage/Pods-SDWebimage-frameworks.sh\"\n";
			showEnvVarsInLog = 0;
		};
		EAD29C9E7077B94CE006E868 /* [CP] Copy Pods Resources */ = {
			isa = PBXShellScriptBuildPhase;
			buildActionMask = 2147483647;
			files = (
			);
			inputPaths = (
			);
			name = "[CP] Copy Pods Resources";
			outputPaths = (
			);
			runOnlyForDeploymentPostprocessing = 0;
			shellPath = /bin/sh;
			shellScript = "\"${SRCROOT}/../Pods/Target Support Files/Pods-Third/Pods-Third-resources.sh\"\n";
			showEnvVarsInLog = 0;
		};
		EDB16D6CED6453A698484210 /* [CP] Copy Pods Resources */ = {
			isa = PBXShellScriptBuildPhase;
			buildActionMask = 2147483647;
			files = (
			);
			inputPaths = (
			);
			name = "[CP] Copy Pods Resources";
			outputPaths = (
			);
			runOnlyForDeploymentPostprocessing = 0;
			shellPath = /bin/sh;
			shellScript = "\"${SRCROOT}/../Pods/Target Support Files/Pods-LearnFMDB/Pods-LearnFMDB-resources.sh\"\n";
			showEnvVarsInLog = 0;
		};
/* End PBXShellScriptBuildPhase section */

/* Begin PBXSourcesBuildPhase section */
		019129082074DC4C0054912E /* Sources */ = {
			isa = PBXSourcesBuildPhase;
			buildActionMask = 2147483647;
			files = (
				0139D0A72079A9C500012ADC /* ZXGDBCRUDCondition.m in Sources */,
				01793E462079AE0D0030B167 /* ZXGDBColumnCondition.m in Sources */,
				01230935207A03410090DC05 /* ZXGPerson.m in Sources */,
				019129132074DC4C0054912E /* ViewController.m in Sources */,
				01793E4C2079C6510030B167 /* ZXGDBManager.m in Sources */,
				012309322079FFA50090DC05 /* ZXGUseage.m in Sources */,
				0139D0A42079A62D00012ADC /* ZXGDBOperation.m in Sources */,
				01793E492079BA370030B167 /* ZXGDBWhereCondition.m in Sources */,
				0191291E2074DC4C0054912E /* main.m in Sources */,
				019129102074DC4C0054912E /* AppDelegate.m in Sources */,
			);
			runOnlyForDeploymentPostprocessing = 0;
		};
		047C269D207CFA600042572C /* Sources */ = {
			isa = PBXSourcesBuildPhase;
			buildActionMask = 2147483647;
			files = (
				047C26AB207CFA600042572C /* ViewController.m in Sources */,
				047C26A8207CFA600042572C /* AppDelegate.m in Sources */,
				047C26A5207CFA600042572C /* main.m in Sources */,
			);
			runOnlyForDeploymentPostprocessing = 0;
		};
		71764100204E6A33006D3A18 /* Sources */ = {
			isa = PBXSourcesBuildPhase;
			buildActionMask = 2147483647;
			files = (
				71764172204E6ABB006D3A18 /* SDImageCacheConfig.m in Sources */,
				7176417B204E6ABB006D3A18 /* SDWebImagePrefetcher.m in Sources */,
				7176417D204E6ABB006D3A18 /* SDAnimatedImageRep.m in Sources */,
				71764175204E6ABB006D3A18 /* FLAnimatedImageView+WebCache.m in Sources */,
				714026D9204FC0EC00D2993D /* SDWebImageCodersManager.m in Sources */,
				714026DA204FC0EC00D2993D /* SDWebImageCoder.m in Sources */,
				71764186204E6ABB006D3A18 /* NSButton+WebCache.m in Sources */,
				71764178204E6ABB006D3A18 /* SDWebImageDownloader.m in Sources */,
				71764190204E6ABB006D3A18 /* FLAnimatedImageView.m in Sources */,
				71764120204E6A6E006D3A18 /* TableViewController.m in Sources */,
				71402701205123A900D2993D /* SDWebImageCoderHelper.m in Sources */,
				71764183204E6ABB006D3A18 /* UIImage+ForceDecode.m in Sources */,
				7176417A204E6ABB006D3A18 /* SDWebImageManager.m in Sources */,
				71764121204E6A6E006D3A18 /* main.m in Sources */,
				7176418C204E6ABB006D3A18 /* UIButton+WebCache.m in Sources */,
				71764180204E6ABB006D3A18 /* UIImage+WebP.m in Sources */,
				71764179204E6ABB006D3A18 /* SDWebImageDownloaderOperation.m in Sources */,
				71764182204E6ABB006D3A18 /* UIImageView+HighlightedWebCache.m in Sources */,
				71764173204E6ABB006D3A18 /* SDWebImageFrame.m in Sources */,
				71764187204E6ABB006D3A18 /* NSData+ImageContentType.m in Sources */,
				71402703205123A900D2993D /* SDWebImageGIFCoder.m in Sources */,
				714026FA2051217F00D2993D /* SDWebImageImageIOCoder.m in Sources */,
				71402702205123A900D2993D /* SDWebImageWebPCoder.m in Sources */,
				71764184204E6ABB006D3A18 /* UIImage+GIF.m in Sources */,
				71764185204E6ABB006D3A18 /* UIImage+MultiFormat.m in Sources */,
				71764181204E6ABB006D3A18 /* MKAnnotationView+WebCache.m in Sources */,
				71764189204E6ABB006D3A18 /* NSImage+WebCache.m in Sources */,
				71764177204E6ABB006D3A18 /* SDWebImageCompat.m in Sources */,
				71764188204E6ABB006D3A18 /* UIImageView+WebCache.m in Sources */,
				7176411B204E6A61006D3A18 /* AppDelegate.m in Sources */,
				7176418B204E6ABB006D3A18 /* UIView+WebCache.m in Sources */,
				71764171204E6ABB006D3A18 /* SDImageCache.m in Sources */,
				7176418A204E6ABB006D3A18 /* UIView+WebCacheOperation.m in Sources */,
				7176418F204E6ABB006D3A18 /* FLAnimatedImage.m in Sources */,
				7176417E204E6ABB006D3A18 /* SDWebImageTransition.m in Sources */,
			);
			runOnlyForDeploymentPostprocessing = 0;
		};
		71DDFCF620468F90002B54D8 /* Sources */ = {
			isa = PBXSourcesBuildPhase;
			buildActionMask = 2147483647;
			files = (
				717640F6204E6991006D3A18 /* main.m in Sources */,
				717640E9204E6927006D3A18 /* TableViewController.m in Sources */,
				717640F8204E6991006D3A18 /* AppDelegate.m in Sources */,
			);
			runOnlyForDeploymentPostprocessing = 0;
		};
/* End PBXSourcesBuildPhase section */

/* Begin PBXVariantGroup section */
		019129142074DC4C0054912E /* Main.storyboard */ = {
			isa = PBXVariantGroup;
			children = (
				019129152074DC4C0054912E /* Base */,
			);
			name = Main.storyboard;
			sourceTree = "<group>";
		};
		019129192074DC4C0054912E /* LaunchScreen.storyboard */ = {
			isa = PBXVariantGroup;
			children = (
				0191291A2074DC4C0054912E /* Base */,
			);
			name = LaunchScreen.storyboard;
			sourceTree = "<group>";
		};
		047C26AC207CFA600042572C /* Main.storyboard */ = {
			isa = PBXVariantGroup;
			children = (
				047C26AD207CFA600042572C /* Base */,
			);
			name = Main.storyboard;
			sourceTree = "<group>";
		};
		047C26B1207CFA600042572C /* LaunchScreen.storyboard */ = {
			isa = PBXVariantGroup;
			children = (
				047C26B2207CFA600042572C /* Base */,
			);
			name = LaunchScreen.storyboard;
			sourceTree = "<group>";
		};
		717640FA204E69A9006D3A18 /* LaunchScreen.storyboard */ = {
			isa = PBXVariantGroup;
			children = (
				717640FB204E69A9006D3A18 /* Base */,
			);
			name = LaunchScreen.storyboard;
			sourceTree = "<group>";
		};
		717640FC204E69A9006D3A18 /* Main.storyboard */ = {
			isa = PBXVariantGroup;
			children = (
				717640FD204E69A9006D3A18 /* Base */,
			);
			name = Main.storyboard;
			sourceTree = "<group>";
		};
		71764122204E6A7C006D3A18 /* LaunchScreen.storyboard */ = {
			isa = PBXVariantGroup;
			children = (
				71764123204E6A7C006D3A18 /* Base */,
			);
			name = LaunchScreen.storyboard;
			sourceTree = "<group>";
		};
		71764124204E6A7C006D3A18 /* Main.storyboard */ = {
			isa = PBXVariantGroup;
			children = (
				71764125204E6A7C006D3A18 /* Base */,
			);
			name = Main.storyboard;
			sourceTree = "<group>";
		};
/* End PBXVariantGroup section */

/* Begin XCBuildConfiguration section */
		0191291F2074DC4C0054912E /* Debug */ = {
			isa = XCBuildConfiguration;
			baseConfigurationReference = EAE26EF61E8F69CC3D0E8B1F /* Pods-LearnFMDB.debug.xcconfig */;
			buildSettings = {
				ASSETCATALOG_COMPILER_APPICON_NAME = AppIcon;
				CODE_SIGN_IDENTITY = "iPhone Developer";
				CODE_SIGN_STYLE = Automatic;
				DEVELOPMENT_TEAM = PHWVAXF5Q9;
				INFOPLIST_FILE = LearnFMDB/Info.plist;
				IPHONEOS_DEPLOYMENT_TARGET = 9.0;
				LD_RUNPATH_SEARCH_PATHS = "$(inherited) @executable_path/Frameworks";
				PRODUCT_BUNDLE_IDENTIFIER = com.orangenet.eParentTest;
				PRODUCT_NAME = "$(TARGET_NAME)";
				SDKROOT = iphoneos;
				TARGETED_DEVICE_FAMILY = "1,2";
			};
			name = Debug;
		};
		019129202074DC4C0054912E /* Release */ = {
			isa = XCBuildConfiguration;
			baseConfigurationReference = E7DCCC48E1558686B3013D57 /* Pods-LearnFMDB.release.xcconfig */;
			buildSettings = {
				ASSETCATALOG_COMPILER_APPICON_NAME = AppIcon;
				CODE_SIGN_IDENTITY = "iPhone Developer";
				CODE_SIGN_STYLE = Automatic;
				DEVELOPMENT_TEAM = PHWVAXF5Q9;
				INFOPLIST_FILE = LearnFMDB/Info.plist;
				IPHONEOS_DEPLOYMENT_TARGET = 9.0;
				LD_RUNPATH_SEARCH_PATHS = "$(inherited) @executable_path/Frameworks";
				PRODUCT_BUNDLE_IDENTIFIER = com.orangenet.eParentTest;
				PRODUCT_NAME = "$(TARGET_NAME)";
				SDKROOT = iphoneos;
				TARGETED_DEVICE_FAMILY = "1,2";
				VALIDATE_PRODUCT = YES;
			};
			name = Release;
		};
		047C26B5207CFA600042572C /* Debug */ = {
			isa = XCBuildConfiguration;
			buildSettings = {
				ASSETCATALOG_COMPILER_APPICON_NAME = AppIcon;
				CLANG_CXX_LANGUAGE_STANDARD = "gnu++0x";
				"CODE_SIGN_IDENTITY[sdk=iphoneos*]" = "iPhone Developer";
				GCC_C_LANGUAGE_STANDARD = gnu99;
				INFOPLIST_FILE = LearnYYKit/Info.plist;
				IPHONEOS_DEPLOYMENT_TARGET = 10.2;
				LD_RUNPATH_SEARCH_PATHS = "$(inherited) @executable_path/Frameworks";
				PRODUCT_BUNDLE_IDENTIFIER = onzxgway.LearnYYKit;
				PRODUCT_NAME = "$(TARGET_NAME)";
				SDKROOT = iphoneos;
			};
			name = Debug;
		};
		047C26B6207CFA600042572C /* Release */ = {
			isa = XCBuildConfiguration;
			buildSettings = {
				ASSETCATALOG_COMPILER_APPICON_NAME = AppIcon;
				CLANG_CXX_LANGUAGE_STANDARD = "gnu++0x";
				"CODE_SIGN_IDENTITY[sdk=iphoneos*]" = "iPhone Developer";
				GCC_C_LANGUAGE_STANDARD = gnu99;
				INFOPLIST_FILE = LearnYYKit/Info.plist;
				IPHONEOS_DEPLOYMENT_TARGET = 10.2;
				LD_RUNPATH_SEARCH_PATHS = "$(inherited) @executable_path/Frameworks";
				PRODUCT_BUNDLE_IDENTIFIER = onzxgway.LearnYYKit;
				PRODUCT_NAME = "$(TARGET_NAME)";
				SDKROOT = iphoneos;
				VALIDATE_PRODUCT = YES;
			};
			name = Release;
		};
		71764118204E6A33006D3A18 /* Debug */ = {
			isa = XCBuildConfiguration;
			baseConfigurationReference = D750594FC610D37555E2915D /* Pods-SDWebimage.debug.xcconfig */;
			buildSettings = {
				ASSETCATALOG_COMPILER_APPICON_NAME = AppIcon;
				CODE_SIGN_IDENTITY = "iPhone Developer";
				CODE_SIGN_STYLE = Automatic;
				INFOPLIST_FILE = SDWebimage/Info.plist;
				IPHONEOS_DEPLOYMENT_TARGET = 11.2;
				LD_RUNPATH_SEARCH_PATHS = "$(inherited) @executable_path/Frameworks";
				PRODUCT_BUNDLE_IDENTIFIER = "---.SDWebimage";
				PRODUCT_NAME = "$(TARGET_NAME)";
				SDKROOT = iphoneos;
				TARGETED_DEVICE_FAMILY = "1,2";
			};
			name = Debug;
		};
		71764119204E6A33006D3A18 /* Release */ = {
			isa = XCBuildConfiguration;
			baseConfigurationReference = B7F6A901B4C6B1EE2484AFB8 /* Pods-SDWebimage.release.xcconfig */;
			buildSettings = {
				ASSETCATALOG_COMPILER_APPICON_NAME = AppIcon;
				CODE_SIGN_IDENTITY = "iPhone Developer";
				CODE_SIGN_STYLE = Automatic;
				INFOPLIST_FILE = SDWebimage/Info.plist;
				IPHONEOS_DEPLOYMENT_TARGET = 11.2;
				LD_RUNPATH_SEARCH_PATHS = "$(inherited) @executable_path/Frameworks";
				PRODUCT_BUNDLE_IDENTIFIER = "---.SDWebimage";
				PRODUCT_NAME = "$(TARGET_NAME)";
				SDKROOT = iphoneos;
				TARGETED_DEVICE_FAMILY = "1,2";
				VALIDATE_PRODUCT = YES;
			};
			name = Release;
		};
		71DDFD0920468F90002B54D8 /* Debug */ = {
			isa = XCBuildConfiguration;
			buildSettings = {
				ALWAYS_SEARCH_USER_PATHS = NO;
				CLANG_ANALYZER_NONNULL = YES;
				CLANG_ANALYZER_NUMBER_OBJECT_CONVERSION = YES_AGGRESSIVE;
				CLANG_CXX_LANGUAGE_STANDARD = "gnu++14";
				CLANG_CXX_LIBRARY = "libc++";
				CLANG_ENABLE_MODULES = YES;
				CLANG_ENABLE_OBJC_ARC = YES;
				CLANG_WARN_BLOCK_CAPTURE_AUTORELEASING = YES;
				CLANG_WARN_BOOL_CONVERSION = YES;
				CLANG_WARN_COMMA = YES;
				CLANG_WARN_CONSTANT_CONVERSION = YES;
				CLANG_WARN_DIRECT_OBJC_ISA_USAGE = YES_ERROR;
				CLANG_WARN_DOCUMENTATION_COMMENTS = YES;
				CLANG_WARN_EMPTY_BODY = YES;
				CLANG_WARN_ENUM_CONVERSION = YES;
				CLANG_WARN_INFINITE_RECURSION = YES;
				CLANG_WARN_INT_CONVERSION = YES;
				CLANG_WARN_NON_LITERAL_NULL_CONVERSION = YES;
				CLANG_WARN_OBJC_LITERAL_CONVERSION = YES;
				CLANG_WARN_OBJC_ROOT_CLASS = YES_ERROR;
				CLANG_WARN_RANGE_LOOP_ANALYSIS = YES;
				CLANG_WARN_STRICT_PROTOTYPES = YES;
				CLANG_WARN_SUSPICIOUS_MOVE = YES;
				CLANG_WARN_UNGUARDED_AVAILABILITY = YES_AGGRESSIVE;
				CLANG_WARN_UNREACHABLE_CODE = YES;
				CLANG_WARN__DUPLICATE_METHOD_MATCH = YES;
				CODE_SIGN_IDENTITY = "-";
				COPY_PHASE_STRIP = NO;
				DEBUG_INFORMATION_FORMAT = dwarf;
				ENABLE_STRICT_OBJC_MSGSEND = YES;
				ENABLE_TESTABILITY = YES;
				GCC_C_LANGUAGE_STANDARD = gnu11;
				GCC_DYNAMIC_NO_PIC = NO;
				GCC_NO_COMMON_BLOCKS = YES;
				GCC_OPTIMIZATION_LEVEL = 0;
				GCC_PREPROCESSOR_DEFINITIONS = (
					"DEBUG=1",
					"$(inherited)",
				);
				GCC_WARN_64_TO_32_BIT_CONVERSION = YES;
				GCC_WARN_ABOUT_RETURN_TYPE = YES_ERROR;
				GCC_WARN_UNDECLARED_SELECTOR = YES;
				GCC_WARN_UNINITIALIZED_AUTOS = YES_AGGRESSIVE;
				GCC_WARN_UNUSED_FUNCTION = YES;
				GCC_WARN_UNUSED_VARIABLE = YES;
				MACOSX_DEPLOYMENT_TARGET = 10.13;
				MTL_ENABLE_DEBUG_INFO = YES;
				ONLY_ACTIVE_ARCH = YES;
				SDKROOT = macosx;
			};
			name = Debug;
		};
		71DDFD0A20468F90002B54D8 /* Release */ = {
			isa = XCBuildConfiguration;
			buildSettings = {
				ALWAYS_SEARCH_USER_PATHS = NO;
				CLANG_ANALYZER_NONNULL = YES;
				CLANG_ANALYZER_NUMBER_OBJECT_CONVERSION = YES_AGGRESSIVE;
				CLANG_CXX_LANGUAGE_STANDARD = "gnu++14";
				CLANG_CXX_LIBRARY = "libc++";
				CLANG_ENABLE_MODULES = YES;
				CLANG_ENABLE_OBJC_ARC = YES;
				CLANG_WARN_BLOCK_CAPTURE_AUTORELEASING = YES;
				CLANG_WARN_BOOL_CONVERSION = YES;
				CLANG_WARN_COMMA = YES;
				CLANG_WARN_CONSTANT_CONVERSION = YES;
				CLANG_WARN_DIRECT_OBJC_ISA_USAGE = YES_ERROR;
				CLANG_WARN_DOCUMENTATION_COMMENTS = YES;
				CLANG_WARN_EMPTY_BODY = YES;
				CLANG_WARN_ENUM_CONVERSION = YES;
				CLANG_WARN_INFINITE_RECURSION = YES;
				CLANG_WARN_INT_CONVERSION = YES;
				CLANG_WARN_NON_LITERAL_NULL_CONVERSION = YES;
				CLANG_WARN_OBJC_LITERAL_CONVERSION = YES;
				CLANG_WARN_OBJC_ROOT_CLASS = YES_ERROR;
				CLANG_WARN_RANGE_LOOP_ANALYSIS = YES;
				CLANG_WARN_STRICT_PROTOTYPES = YES;
				CLANG_WARN_SUSPICIOUS_MOVE = YES;
				CLANG_WARN_UNGUARDED_AVAILABILITY = YES_AGGRESSIVE;
				CLANG_WARN_UNREACHABLE_CODE = YES;
				CLANG_WARN__DUPLICATE_METHOD_MATCH = YES;
				CODE_SIGN_IDENTITY = "-";
				COPY_PHASE_STRIP = NO;
				DEBUG_INFORMATION_FORMAT = "dwarf-with-dsym";
				ENABLE_NS_ASSERTIONS = NO;
				ENABLE_STRICT_OBJC_MSGSEND = YES;
				GCC_C_LANGUAGE_STANDARD = gnu11;
				GCC_NO_COMMON_BLOCKS = YES;
				GCC_WARN_64_TO_32_BIT_CONVERSION = YES;
				GCC_WARN_ABOUT_RETURN_TYPE = YES_ERROR;
				GCC_WARN_UNDECLARED_SELECTOR = YES;
				GCC_WARN_UNINITIALIZED_AUTOS = YES_AGGRESSIVE;
				GCC_WARN_UNUSED_FUNCTION = YES;
				GCC_WARN_UNUSED_VARIABLE = YES;
				MACOSX_DEPLOYMENT_TARGET = 10.13;
				MTL_ENABLE_DEBUG_INFO = NO;
				SDKROOT = macosx;
			};
			name = Release;
		};
		71DDFD0C20468F90002B54D8 /* Debug */ = {
			isa = XCBuildConfiguration;
			baseConfigurationReference = 015296A1E3AAACD1121D2246 /* Pods-Third.debug.xcconfig */;
			buildSettings = {
				ASSETCATALOG_COMPILER_APPICON_NAME = AppIcon;
				CODE_SIGN_ENTITLEMENTS = Third/Third.entitlements;
				CODE_SIGN_STYLE = Automatic;
				COMBINE_HIDPI_IMAGES = YES;
				INFOPLIST_FILE = Third/Info.plist;
				LD_RUNPATH_SEARCH_PATHS = "$(inherited) @executable_path/../Frameworks";
				PRODUCT_BUNDLE_IDENTIFIER = "---.Third";
				PRODUCT_NAME = "$(TARGET_NAME)";
			};
			name = Debug;
		};
		71DDFD0D20468F90002B54D8 /* Release */ = {
			isa = XCBuildConfiguration;
			baseConfigurationReference = 9A5DCEC92601A4563ECE649B /* Pods-Third.release.xcconfig */;
			buildSettings = {
				ASSETCATALOG_COMPILER_APPICON_NAME = AppIcon;
				CODE_SIGN_ENTITLEMENTS = Third/Third.entitlements;
				CODE_SIGN_STYLE = Automatic;
				COMBINE_HIDPI_IMAGES = YES;
				INFOPLIST_FILE = Third/Info.plist;
				LD_RUNPATH_SEARCH_PATHS = "$(inherited) @executable_path/../Frameworks";
				PRODUCT_BUNDLE_IDENTIFIER = "---.Third";
				PRODUCT_NAME = "$(TARGET_NAME)";
			};
			name = Release;
		};
/* End XCBuildConfiguration section */

/* Begin XCConfigurationList section */
		019129212074DC4C0054912E /* Build configuration list for PBXNativeTarget "LearnFMDB" */ = {
			isa = XCConfigurationList;
			buildConfigurations = (
				0191291F2074DC4C0054912E /* Debug */,
				019129202074DC4C0054912E /* Release */,
			);
			defaultConfigurationIsVisible = 0;
			defaultConfigurationName = Release;
		};
		047C26B7207CFA600042572C /* Build configuration list for PBXNativeTarget "LearnYYKit" */ = {
			isa = XCConfigurationList;
			buildConfigurations = (
				047C26B5207CFA600042572C /* Debug */,
				047C26B6207CFA600042572C /* Release */,
			);
			defaultConfigurationIsVisible = 0;
		};
		71764117204E6A33006D3A18 /* Build configuration list for PBXNativeTarget "SDWebimage" */ = {
			isa = XCConfigurationList;
			buildConfigurations = (
				71764118204E6A33006D3A18 /* Debug */,
				71764119204E6A33006D3A18 /* Release */,
			);
			defaultConfigurationIsVisible = 0;
			defaultConfigurationName = Release;
		};
		71DDFCF520468F90002B54D8 /* Build configuration list for PBXProject "Third" */ = {
			isa = XCConfigurationList;
			buildConfigurations = (
				71DDFD0920468F90002B54D8 /* Debug */,
				71DDFD0A20468F90002B54D8 /* Release */,
			);
			defaultConfigurationIsVisible = 0;
			defaultConfigurationName = Release;
		};
		71DDFD0B20468F90002B54D8 /* Build configuration list for PBXNativeTarget "Third" */ = {
			isa = XCConfigurationList;
			buildConfigurations = (
				71DDFD0C20468F90002B54D8 /* Debug */,
				71DDFD0D20468F90002B54D8 /* Release */,
			);
			defaultConfigurationIsVisible = 0;
			defaultConfigurationName = Release;
		};
/* End XCConfigurationList section */
	};
	rootObject = 71DDFCF220468F90002B54D8 /* Project object */;
}
