// !$*UTF8*$!
{
	archiveVersion = 1;
	classes = {
	};
	objectVersion = 46;
	objects = {

/* Begin PBXBuildFile section */
		04344EEC1F8FAE250089F44B /* main.m in Sources */ = {isa = PBXBuildFile; fileRef = 04344EEB1F8FAE250089F44B /* main.m */; };
		04344EEF1F8FAE250089F44B /* AppDelegate.m in Sources */ = {isa = PBXBuildFile; fileRef = 04344EEE1F8FAE250089F44B /* AppDelegate.m */; };
		04344EF21F8FAE250089F44B /* TableViewController.m in Sources */ = {isa = PBXBuildFile; fileRef = 04344EF11F8FAE250089F44B /* TableViewController.m */; };
		04344EF51F8FAE250089F44B /* Main.storyboard in Resources */ = {isa = PBXBuildFile; fileRef = 04344EF31F8FAE250089F44B /* Main.storyboard */; };
		04344EFA1F8FAE250089F44B /* LaunchScreen.storyboard in Resources */ = {isa = PBXBuildFile; fileRef = 04344EF81F8FAE250089F44B /* LaunchScreen.storyboard */; };
		04344F011F8FAE960089F44B /* ZXGCell.m in Sources */ = {isa = PBXBuildFile; fileRef = 04344F001F8FAE960089F44B /* ZXGCell.m */; };
		04344F031F8FAEAB0089F44B /* Tips in Resources */ = {isa = PBXBuildFile; fileRef = 04344F021F8FAEAB0089F44B /* Tips */; };
		04B8CC9D1F904F49002FCFE4 /* main.m in Sources */ = {isa = PBXBuildFile; fileRef = 04B8CC9C1F904F49002FCFE4 /* main.m */; };
		04B8CCA01F904F49002FCFE4 /* AppDelegate.m in Sources */ = {isa = PBXBuildFile; fileRef = 04B8CC9F1F904F49002FCFE4 /* AppDelegate.m */; };
		04B8CCA31F904F49002FCFE4 /* TableViewController.m in Sources */ = {isa = PBXBuildFile; fileRef = 04B8CCA21F904F49002FCFE4 /* TableViewController.m */; };
		04B8CCA61F904F49002FCFE4 /* Main.storyboard in Resources */ = {isa = PBXBuildFile; fileRef = 04B8CCA41F904F49002FCFE4 /* Main.storyboard */; };
		04B8CCAB1F904F49002FCFE4 /* LaunchScreen.storyboard in Resources */ = {isa = PBXBuildFile; fileRef = 04B8CCA91F904F49002FCFE4 /* LaunchScreen.storyboard */; };
		04B8CCB51F905090002FCFE4 /* TestView.m in Sources */ = {isa = PBXBuildFile; fileRef = 04B8CCB41F905090002FCFE4 /* TestView.m */; };
		04B8CCB81F9050A0002FCFE4 /* TestViewController.m in Sources */ = {isa = PBXBuildFile; fileRef = 04B8CCB71F9050A0002FCFE4 /* TestViewController.m */; };
		04B8CCBA1F905D01002FCFE4 /* Tips in Resources */ = {isa = PBXBuildFile; fileRef = 04B8CCB91F905D01002FCFE4 /* Tips */; };
		04F03A0F1F8D00BC00DBD70D /* main.m in Sources */ = {isa = PBXBuildFile; fileRef = 04F03A0E1F8D00BC00DBD70D /* main.m */; };
		04F03A121F8D00BC00DBD70D /* AppDelegate.m in Sources */ = {isa = PBXBuildFile; fileRef = 04F03A111F8D00BC00DBD70D /* AppDelegate.m */; };
		04F03A151F8D00BC00DBD70D /* TableViewController.m in Sources */ = {isa = PBXBuildFile; fileRef = 04F03A141F8D00BC00DBD70D /* TableViewController.m */; };
		04F03A181F8D00BC00DBD70D /* Main.storyboard in Resources */ = {isa = PBXBuildFile; fileRef = 04F03A161F8D00BC00DBD70D /* Main.storyboard */; };
		04F03A1D1F8D00BC00DBD70D /* LaunchScreen.storyboard in Resources */ = {isa = PBXBuildFile; fileRef = 04F03A1B1F8D00BC00DBD70D /* LaunchScreen.storyboard */; };
		04F03A231F8D031200DBD70D /* Tips in Resources */ = {isa = PBXBuildFile; fileRef = 04F03A221F8D031200DBD70D /* Tips */; };
		F08D345C1F8DC53700AE44F3 /* AppDelegate.m in Sources */ = {isa = PBXBuildFile; fileRef = F08D345B1F8DC53700AE44F3 /* AppDelegate.m */; };
		F08D345F1F8DC53700AE44F3 /* TableViewController.m in Sources */ = {isa = PBXBuildFile; fileRef = F08D345E1F8DC53700AE44F3 /* TableViewController.m */; };
		F08D34621F8DC53700AE44F3 /* Main.storyboard in Resources */ = {isa = PBXBuildFile; fileRef = F08D34601F8DC53700AE44F3 /* Main.storyboard */; };
		F08D34671F8DC53700AE44F3 /* LaunchScreen.storyboard in Resources */ = {isa = PBXBuildFile; fileRef = F08D34651F8DC53700AE44F3 /* LaunchScreen.storyboard */; };
		F08D346A1F8DC53700AE44F3 /* main.m in Sources */ = {isa = PBXBuildFile; fileRef = F08D34691F8DC53700AE44F3 /* main.m */; };
		F08D34701F8DC63E00AE44F3 /* Person.m in Sources */ = {isa = PBXBuildFile; fileRef = F08D346E1F8DC63E00AE44F3 /* Person.m */; };
		F08D34781F8DC6EB00AE44F3 /* main.m in Sources */ = {isa = PBXBuildFile; fileRef = F08D34771F8DC6EB00AE44F3 /* main.m */; };
/* End PBXBuildFile section */

/* Begin PBXCopyFilesBuildPhase section */
		F08D34731F8DC6EB00AE44F3 /* CopyFiles */ = {
			isa = PBXCopyFilesBuildPhase;
			buildActionMask = 2147483647;
			dstPath = /usr/share/man/man1/;
			dstSubfolderSpec = 0;
			files = (
			);
			runOnlyForDeploymentPostprocessing = 1;
		};
/* End PBXCopyFilesBuildPhase section */

/* Begin PBXFileReference section */
		04344EE81F8FAE250089F44B /* UITableView知识点.app */ = {isa = PBXFileReference; explicitFileType = wrapper.application; includeInIndex = 0; path = "UITableView知识点.app"; sourceTree = BUILT_PRODUCTS_DIR; };
		04344EEB1F8FAE250089F44B /* main.m */ = {isa = PBXFileReference; lastKnownFileType = sourcecode.c.objc; path = main.m; sourceTree = "<group>"; };
		04344EED1F8FAE250089F44B /* AppDelegate.h */ = {isa = PBXFileReference; lastKnownFileType = sourcecode.c.h; path = AppDelegate.h; sourceTree = "<group>"; };
		04344EEE1F8FAE250089F44B /* AppDelegate.m */ = {isa = PBXFileReference; lastKnownFileType = sourcecode.c.objc; path = AppDelegate.m; sourceTree = "<group>"; };
		04344EF01F8FAE250089F44B /* TableViewController.h */ = {isa = PBXFileReference; lastKnownFileType = sourcecode.c.h; path = TableViewController.h; sourceTree = "<group>"; };
		04344EF11F8FAE250089F44B /* TableViewController.m */ = {isa = PBXFileReference; lastKnownFileType = sourcecode.c.objc; path = TableViewController.m; sourceTree = "<group>"; };
		04344EF41F8FAE250089F44B /* Base */ = {isa = PBXFileReference; lastKnownFileType = file.storyboard; name = Base; path = Base.lproj/Main.storyboard; sourceTree = "<group>"; };
		04344EF91F8FAE250089F44B /* Base */ = {isa = PBXFileReference; lastKnownFileType = file.storyboard; name = Base; path = Base.lproj/LaunchScreen.storyboard; sourceTree = "<group>"; };
		04344EFB1F8FAE250089F44B /* Info.plist */ = {isa = PBXFileReference; lastKnownFileType = text.plist.xml; path = Info.plist; sourceTree = "<group>"; };
		04344EFF1F8FAE960089F44B /* ZXGCell.h */ = {isa = PBXFileReference; fileEncoding = 4; lastKnownFileType = sourcecode.c.h; path = ZXGCell.h; sourceTree = "<group>"; };
		04344F001F8FAE960089F44B /* ZXGCell.m */ = {isa = PBXFileReference; fileEncoding = 4; lastKnownFileType = sourcecode.c.objc; path = ZXGCell.m; sourceTree = "<group>"; };
		04344F021F8FAEAB0089F44B /* Tips */ = {isa = PBXFileReference; fileEncoding = 4; lastKnownFileType = text; path = Tips; sourceTree = "<group>"; };
		04B8CC991F904F49002FCFE4 /* UIView的生命周期.app */ = {isa = PBXFileReference; explicitFileType = wrapper.application; includeInIndex = 0; path = "UIView的生命周期.app"; sourceTree = BUILT_PRODUCTS_DIR; };
		04B8CC9C1F904F49002FCFE4 /* main.m */ = {isa = PBXFileReference; lastKnownFileType = sourcecode.c.objc; path = main.m; sourceTree = "<group>"; };
		04B8CC9E1F904F49002FCFE4 /* AppDelegate.h */ = {isa = PBXFileReference; lastKnownFileType = sourcecode.c.h; path = AppDelegate.h; sourceTree = "<group>"; };
		04B8CC9F1F904F49002FCFE4 /* AppDelegate.m */ = {isa = PBXFileReference; lastKnownFileType = sourcecode.c.objc; path = AppDelegate.m; sourceTree = "<group>"; };
		04B8CCA11F904F49002FCFE4 /* TableViewController.h */ = {isa = PBXFileReference; lastKnownFileType = sourcecode.c.h; path = TableViewController.h; sourceTree = "<group>"; };
		04B8CCA21F904F49002FCFE4 /* TableViewController.m */ = {isa = PBXFileReference; lastKnownFileType = sourcecode.c.objc; path = TableViewController.m; sourceTree = "<group>"; };
		04B8CCA51F904F49002FCFE4 /* Base */ = {isa = PBXFileReference; lastKnownFileType = file.storyboard; name = Base; path = Base.lproj/Main.storyboard; sourceTree = "<group>"; };
		04B8CCAA1F904F49002FCFE4 /* Base */ = {isa = PBXFileReference; lastKnownFileType = file.storyboard; name = Base; path = Base.lproj/LaunchScreen.storyboard; sourceTree = "<group>"; };
		04B8CCAC1F904F49002FCFE4 /* Info.plist */ = {isa = PBXFileReference; lastKnownFileType = text.plist.xml; path = Info.plist; sourceTree = "<group>"; };
		04B8CCB31F905090002FCFE4 /* TestView.h */ = {isa = PBXFileReference; fileEncoding = 4; lastKnownFileType = sourcecode.c.h; path = TestView.h; sourceTree = "<group>"; };
		04B8CCB41F905090002FCFE4 /* TestView.m */ = {isa = PBXFileReference; fileEncoding = 4; lastKnownFileType = sourcecode.c.objc; path = TestView.m; sourceTree = "<group>"; };
		04B8CCB61F9050A0002FCFE4 /* TestViewController.h */ = {isa = PBXFileReference; fileEncoding = 4; lastKnownFileType = sourcecode.c.h; path = TestViewController.h; sourceTree = "<group>"; };
		04B8CCB71F9050A0002FCFE4 /* TestViewController.m */ = {isa = PBXFileReference; fileEncoding = 4; lastKnownFileType = sourcecode.c.objc; path = TestViewController.m; sourceTree = "<group>"; };
		04B8CCB91F905D01002FCFE4 /* Tips */ = {isa = PBXFileReference; fileEncoding = 4; lastKnownFileType = text; path = Tips; sourceTree = "<group>"; };
		04F03A0B1F8D00BC00DBD70D /* TableViewCell编辑.app */ = {isa = PBXFileReference; explicitFileType = wrapper.application; includeInIndex = 0; path = "TableViewCell编辑.app"; sourceTree = BUILT_PRODUCTS_DIR; };
		04F03A0E1F8D00BC00DBD70D /* main.m */ = {isa = PBXFileReference; lastKnownFileType = sourcecode.c.objc; path = main.m; sourceTree = "<group>"; };
		04F03A101F8D00BC00DBD70D /* AppDelegate.h */ = {isa = PBXFileReference; lastKnownFileType = sourcecode.c.h; path = AppDelegate.h; sourceTree = "<group>"; };
		04F03A111F8D00BC00DBD70D /* AppDelegate.m */ = {isa = PBXFileReference; lastKnownFileType = sourcecode.c.objc; path = AppDelegate.m; sourceTree = "<group>"; };
		04F03A131F8D00BC00DBD70D /* TableViewController.h */ = {isa = PBXFileReference; lastKnownFileType = sourcecode.c.h; path = TableViewController.h; sourceTree = "<group>"; };
		04F03A141F8D00BC00DBD70D /* TableViewController.m */ = {isa = PBXFileReference; lastKnownFileType = sourcecode.c.objc; path = TableViewController.m; sourceTree = "<group>"; };
		04F03A171F8D00BC00DBD70D /* Base */ = {isa = PBXFileReference; lastKnownFileType = file.storyboard; name = Base; path = Base.lproj/Main.storyboard; sourceTree = "<group>"; };
		04F03A1C1F8D00BC00DBD70D /* Base */ = {isa = PBXFileReference; lastKnownFileType = file.storyboard; name = Base; path = Base.lproj/LaunchScreen.storyboard; sourceTree = "<group>"; };
		04F03A1E1F8D00BC00DBD70D /* Info.plist */ = {isa = PBXFileReference; lastKnownFileType = text.plist.xml; path = Info.plist; sourceTree = "<group>"; };
		04F03A221F8D031200DBD70D /* Tips */ = {isa = PBXFileReference; fileEncoding = 4; lastKnownFileType = text; path = Tips; sourceTree = "<group>"; };
		F08D34581F8DC53700AE44F3 /* UIApplication作用.app */ = {isa = PBXFileReference; explicitFileType = wrapper.application; includeInIndex = 0; path = "UIApplication作用.app"; sourceTree = BUILT_PRODUCTS_DIR; };
		F08D345A1F8DC53700AE44F3 /* AppDelegate.h */ = {isa = PBXFileReference; lastKnownFileType = sourcecode.c.h; path = AppDelegate.h; sourceTree = "<group>"; };
		F08D345B1F8DC53700AE44F3 /* AppDelegate.m */ = {isa = PBXFileReference; lastKnownFileType = sourcecode.c.objc; path = AppDelegate.m; sourceTree = "<group>"; };
		F08D345D1F8DC53700AE44F3 /* TableViewController.h */ = {isa = PBXFileReference; lastKnownFileType = sourcecode.c.h; path = TableViewController.h; sourceTree = "<group>"; };
		F08D345E1F8DC53700AE44F3 /* TableViewController.m */ = {isa = PBXFileReference; lastKnownFileType = sourcecode.c.objc; path = TableViewController.m; sourceTree = "<group>"; };
		F08D34611F8DC53700AE44F3 /* Base */ = {isa = PBXFileReference; lastKnownFileType = file.storyboard; name = Base; path = Base.lproj/Main.storyboard; sourceTree = "<group>"; };
		F08D34661F8DC53700AE44F3 /* Base */ = {isa = PBXFileReference; lastKnownFileType = file.storyboard; name = Base; path = Base.lproj/LaunchScreen.storyboard; sourceTree = "<group>"; };
		F08D34681F8DC53700AE44F3 /* Info.plist */ = {isa = PBXFileReference; lastKnownFileType = text.plist.xml; path = Info.plist; sourceTree = "<group>"; };
		F08D34691F8DC53700AE44F3 /* main.m */ = {isa = PBXFileReference; lastKnownFileType = sourcecode.c.objc; path = main.m; sourceTree = "<group>"; };
		F08D346E1F8DC63E00AE44F3 /* Person.m */ = {isa = PBXFileReference; lastKnownFileType = sourcecode.c.objc; path = Person.m; sourceTree = "<group>"; };
		F08D346F1F8DC63E00AE44F3 /* Person.h */ = {isa = PBXFileReference; lastKnownFileType = sourcecode.c.h; path = Person.h; sourceTree = "<group>"; };
		F08D34751F8DC6EB00AE44F3 /* 项目配置文件 */ = {isa = PBXFileReference; explicitFileType = "compiled.mach-o.executable"; includeInIndex = 0; path = "项目配置文件"; sourceTree = BUILT_PRODUCTS_DIR; };
		F08D34771F8DC6EB00AE44F3 /* main.m */ = {isa = PBXFileReference; lastKnownFileType = sourcecode.c.objc; path = main.m; sourceTree = "<group>"; };
/* End PBXFileReference section */

/* Begin PBXFrameworksBuildPhase section */
		04344EE51F8FAE250089F44B /* Frameworks */ = {
			isa = PBXFrameworksBuildPhase;
			buildActionMask = 2147483647;
			files = (
			);
			runOnlyForDeploymentPostprocessing = 0;
		};
		04B8CC961F904F49002FCFE4 /* Frameworks */ = {
			isa = PBXFrameworksBuildPhase;
			buildActionMask = 2147483647;
			files = (
			);
			runOnlyForDeploymentPostprocessing = 0;
		};
		04F03A081F8D00BC00DBD70D /* Frameworks */ = {
			isa = PBXFrameworksBuildPhase;
			buildActionMask = 2147483647;
			files = (
			);
			runOnlyForDeploymentPostprocessing = 0;
		};
		F08D34551F8DC53700AE44F3 /* Frameworks */ = {
			isa = PBXFrameworksBuildPhase;
			buildActionMask = 2147483647;
			files = (
			);
			runOnlyForDeploymentPostprocessing = 0;
		};
		F08D34721F8DC6EB00AE44F3 /* Frameworks */ = {
			isa = PBXFrameworksBuildPhase;
			buildActionMask = 2147483647;
			files = (
			);
			runOnlyForDeploymentPostprocessing = 0;
		};
/* End PBXFrameworksBuildPhase section */

/* Begin PBXGroup section */
		04344EE91F8FAE250089F44B /* UITableView知识点 */ = {
			isa = PBXGroup;
			children = (
				04344EED1F8FAE250089F44B /* AppDelegate.h */,
				04344EEE1F8FAE250089F44B /* AppDelegate.m */,
				04344EF01F8FAE250089F44B /* TableViewController.h */,
				04344EF11F8FAE250089F44B /* TableViewController.m */,
				04344EFF1F8FAE960089F44B /* ZXGCell.h */,
				04344F001F8FAE960089F44B /* ZXGCell.m */,
				04344EF31F8FAE250089F44B /* Main.storyboard */,
				04344EF81F8FAE250089F44B /* LaunchScreen.storyboard */,
				04344F021F8FAEAB0089F44B /* Tips */,
				04344EFB1F8FAE250089F44B /* Info.plist */,
				04344EEA1F8FAE250089F44B /* Supporting Files */,
			);
			path = "UITableView知识点";
			sourceTree = "<group>";
		};
		04344EEA1F8FAE250089F44B /* Supporting Files */ = {
			isa = PBXGroup;
			children = (
				04344EEB1F8FAE250089F44B /* main.m */,
			);
			name = "Supporting Files";
			sourceTree = "<group>";
		};
		04B8CC9A1F904F49002FCFE4 /* UIView的生命周期 */ = {
			isa = PBXGroup;
			children = (
				04B8CC9E1F904F49002FCFE4 /* AppDelegate.h */,
				04B8CC9F1F904F49002FCFE4 /* AppDelegate.m */,
				04B8CCA11F904F49002FCFE4 /* TableViewController.h */,
				04B8CCA21F904F49002FCFE4 /* TableViewController.m */,
				04B8CCA41F904F49002FCFE4 /* Main.storyboard */,
				04B8CCA91F904F49002FCFE4 /* LaunchScreen.storyboard */,
				04B8CCAC1F904F49002FCFE4 /* Info.plist */,
				04B8CC9B1F904F49002FCFE4 /* Supporting Files */,
				04B8CCB31F905090002FCFE4 /* TestView.h */,
				04B8CCB41F905090002FCFE4 /* TestView.m */,
				04B8CCB61F9050A0002FCFE4 /* TestViewController.h */,
				04B8CCB71F9050A0002FCFE4 /* TestViewController.m */,
				04B8CCB91F905D01002FCFE4 /* Tips */,
			);
			path = "UIView的生命周期";
			sourceTree = "<group>";
		};
		04B8CC9B1F904F49002FCFE4 /* Supporting Files */ = {
			isa = PBXGroup;
			children = (
				04B8CC9C1F904F49002FCFE4 /* main.m */,
			);
			name = "Supporting Files";
			sourceTree = "<group>";
		};
		04F039E41F8D001200DBD70D = {
			isa = PBXGroup;
			children = (
				04F03A0C1F8D00BC00DBD70D /* TableViewCell编辑 */,
				F08D34591F8DC53700AE44F3 /* UIApplication作用 */,
				F08D34761F8DC6EB00AE44F3 /* 项目配置文件 */,
				04344EE91F8FAE250089F44B /* UITableView知识点 */,
				04B8CC9A1F904F49002FCFE4 /* UIView的生命周期 */,
				04F039EE1F8D001200DBD70D /* Products */,
			);
			sourceTree = "<group>";
		};
		04F039EE1F8D001200DBD70D /* Products */ = {
			isa = PBXGroup;
			children = (
				04F03A0B1F8D00BC00DBD70D /* TableViewCell编辑.app */,
				F08D34581F8DC53700AE44F3 /* UIApplication作用.app */,
				F08D34751F8DC6EB00AE44F3 /* 项目配置文件 */,
				04344EE81F8FAE250089F44B /* UITableView知识点.app */,
				04B8CC991F904F49002FCFE4 /* UIView的生命周期.app */,
			);
			name = Products;
			sourceTree = "<group>";
		};
		04F03A0C1F8D00BC00DBD70D /* TableViewCell编辑 */ = {
			isa = PBXGroup;
			children = (
				04F03A101F8D00BC00DBD70D /* AppDelegate.h */,
				04F03A111F8D00BC00DBD70D /* AppDelegate.m */,
				04F03A131F8D00BC00DBD70D /* TableViewController.h */,
				04F03A141F8D00BC00DBD70D /* TableViewController.m */,
				04F03A161F8D00BC00DBD70D /* Main.storyboard */,
				04F03A1B1F8D00BC00DBD70D /* LaunchScreen.storyboard */,
				04F03A1E1F8D00BC00DBD70D /* Info.plist */,
				04F03A0D1F8D00BC00DBD70D /* Supporting Files */,
				04F03A221F8D031200DBD70D /* Tips */,
			);
			path = "TableViewCell编辑";
			sourceTree = "<group>";
		};
		04F03A0D1F8D00BC00DBD70D /* Supporting Files */ = {
			isa = PBXGroup;
			children = (
				04F03A0E1F8D00BC00DBD70D /* main.m */,
			);
			name = "Supporting Files";
			sourceTree = "<group>";
		};
		F08D34591F8DC53700AE44F3 /* UIApplication作用 */ = {
			isa = PBXGroup;
			children = (
				F08D346F1F8DC63E00AE44F3 /* Person.h */,
				F08D346E1F8DC63E00AE44F3 /* Person.m */,
				F08D345A1F8DC53700AE44F3 /* AppDelegate.h */,
				F08D345B1F8DC53700AE44F3 /* AppDelegate.m */,
				F08D345D1F8DC53700AE44F3 /* TableViewController.h */,
				F08D345E1F8DC53700AE44F3 /* TableViewController.m */,
				F08D34601F8DC53700AE44F3 /* Main.storyboard */,
				F08D34651F8DC53700AE44F3 /* LaunchScreen.storyboard */,
				F08D34681F8DC53700AE44F3 /* Info.plist */,
				F08D34691F8DC53700AE44F3 /* main.m */,
			);
			path = "UIApplication作用";
			sourceTree = "<group>";
		};
		F08D34761F8DC6EB00AE44F3 /* 项目配置文件 */ = {
			isa = PBXGroup;
			children = (
				F08D34771F8DC6EB00AE44F3 /* main.m */,
			);
			path = "项目配置文件";
			sourceTree = "<group>";
		};
/* End PBXGroup section */

/* Begin PBXNativeTarget section */
		04344EE71F8FAE250089F44B /* UITableView知识点 */ = {
			isa = PBXNativeTarget;
			buildConfigurationList = 04344EFE1F8FAE250089F44B /* Build configuration list for PBXNativeTarget "UITableView知识点" */;
			buildPhases = (
				04344EE41F8FAE250089F44B /* Sources */,
				04344EE51F8FAE250089F44B /* Frameworks */,
				04344EE61F8FAE250089F44B /* Resources */,
			);
			buildRules = (
			);
			dependencies = (
			);
			name = "UITableView知识点";
			productName = "UITableView知识点";
			productReference = 04344EE81F8FAE250089F44B /* UITableView知识点.app */;
			productType = "com.apple.product-type.application";
		};
		04B8CC981F904F49002FCFE4 /* UIView的生命周期 */ = {
			isa = PBXNativeTarget;
			buildConfigurationList = 04B8CCAF1F904F49002FCFE4 /* Build configuration list for PBXNativeTarget "UIView的生命周期" */;
			buildPhases = (
				04B8CC951F904F49002FCFE4 /* Sources */,
				04B8CC961F904F49002FCFE4 /* Frameworks */,
				04B8CC971F904F49002FCFE4 /* Resources */,
			);
			buildRules = (
			);
			dependencies = (
			);
			name = "UIView的生命周期";
			productName = "UIView的生命周期";
			productReference = 04B8CC991F904F49002FCFE4 /* UIView的生命周期.app */;
			productType = "com.apple.product-type.application";
		};
		04F03A0A1F8D00BC00DBD70D /* TableViewCell编辑 */ = {
			isa = PBXNativeTarget;
			buildConfigurationList = 04F03A1F1F8D00BC00DBD70D /* Build configuration list for PBXNativeTarget "TableViewCell编辑" */;
			buildPhases = (
				04F03A071F8D00BC00DBD70D /* Sources */,
				04F03A081F8D00BC00DBD70D /* Frameworks */,
				04F03A091F8D00BC00DBD70D /* Resources */,
			);
			buildRules = (
			);
			dependencies = (
			);
			name = "TableViewCell编辑";
			productName = "TableViewCell编辑";
			productReference = 04F03A0B1F8D00BC00DBD70D /* TableViewCell编辑.app */;
			productType = "com.apple.product-type.application";
		};
		F08D34571F8DC53700AE44F3 /* UIApplication作用 */ = {
			isa = PBXNativeTarget;
			buildConfigurationList = F08D346B1F8DC53700AE44F3 /* Build configuration list for PBXNativeTarget "UIApplication作用" */;
			buildPhases = (
				F08D34541F8DC53700AE44F3 /* Sources */,
				F08D34551F8DC53700AE44F3 /* Frameworks */,
				F08D34561F8DC53700AE44F3 /* Resources */,
			);
			buildRules = (
			);
			dependencies = (
			);
			name = "UIApplication作用";
			productName = "UIApplication作用";
			productReference = F08D34581F8DC53700AE44F3 /* UIApplication作用.app */;
			productType = "com.apple.product-type.application";
		};
		F08D34741F8DC6EB00AE44F3 /* 项目配置文件 */ = {
			isa = PBXNativeTarget;
			buildConfigurationList = F08D34791F8DC6EB00AE44F3 /* Build configuration list for PBXNativeTarget "项目配置文件" */;
			buildPhases = (
				F08D34711F8DC6EB00AE44F3 /* Sources */,
				F08D34721F8DC6EB00AE44F3 /* Frameworks */,
				F08D34731F8DC6EB00AE44F3 /* CopyFiles */,
			);
			buildRules = (
			);
			dependencies = (
			);
			name = "项目配置文件";
			productName = "项目配置文件";
			productReference = F08D34751F8DC6EB00AE44F3 /* 项目配置文件 */;
			productType = "com.apple.product-type.tool";
		};
/* End PBXNativeTarget section */

/* Begin PBXProject section */
		04F039E51F8D001200DBD70D /* Project object */ = {
			isa = PBXProject;
			attributes = {
				LastUpgradeCheck = 0820;
				ORGANIZATIONNAME = "朱献国";
				TargetAttributes = {
					04344EE71F8FAE250089F44B = {
						CreatedOnToolsVersion = 8.2.1;
						ProvisioningStyle = Automatic;
					};
					04B8CC981F904F49002FCFE4 = {
						CreatedOnToolsVersion = 8.2.1;
						ProvisioningStyle = Automatic;
					};
					04F03A0A1F8D00BC00DBD70D = {
						CreatedOnToolsVersion = 8.2.1;
						ProvisioningStyle = Automatic;
					};
					F08D34571F8DC53700AE44F3 = {
						CreatedOnToolsVersion = 9.0;
						ProvisioningStyle = Automatic;
					};
					F08D34741F8DC6EB00AE44F3 = {
						CreatedOnToolsVersion = 9.0;
						ProvisioningStyle = Automatic;
					};
				};
			};
			buildConfigurationList = 04F039E81F8D001200DBD70D /* Build configuration list for PBXProject "UICategory" */;
			compatibilityVersion = "Xcode 3.2";
			developmentRegion = English;
			hasScannedForEncodings = 0;
			knownRegions = (
				en,
				Base,
			);
			mainGroup = 04F039E41F8D001200DBD70D;
			productRefGroup = 04F039EE1F8D001200DBD70D /* Products */;
			projectDirPath = "";
			projectRoot = "";
			targets = (
				04F03A0A1F8D00BC00DBD70D /* TableViewCell编辑 */,
				F08D34571F8DC53700AE44F3 /* UIApplication作用 */,
				F08D34741F8DC6EB00AE44F3 /* 项目配置文件 */,
				04344EE71F8FAE250089F44B /* UITableView知识点 */,
				04B8CC981F904F49002FCFE4 /* UIView的生命周期 */,
			);
		};
/* End PBXProject section */

/* Begin PBXResourcesBuildPhase section */
		04344EE61F8FAE250089F44B /* Resources */ = {
			isa = PBXResourcesBuildPhase;
			buildActionMask = 2147483647;
			files = (
				04344F031F8FAEAB0089F44B /* Tips in Resources */,
				04344EFA1F8FAE250089F44B /* LaunchScreen.storyboard in Resources */,
				04344EF51F8FAE250089F44B /* Main.storyboard in Resources */,
			);
			runOnlyForDeploymentPostprocessing = 0;
		};
		04B8CC971F904F49002FCFE4 /* Resources */ = {
			isa = PBXResourcesBuildPhase;
			buildActionMask = 2147483647;
			files = (
				04B8CCBA1F905D01002FCFE4 /* Tips in Resources */,
				04B8CCAB1F904F49002FCFE4 /* LaunchScreen.storyboard in Resources */,
				04B8CCA61F904F49002FCFE4 /* Main.storyboard in Resources */,
			);
			runOnlyForDeploymentPostprocessing = 0;
		};
		04F03A091F8D00BC00DBD70D /* Resources */ = {
			isa = PBXResourcesBuildPhase;
			buildActionMask = 2147483647;
			files = (
				04F03A231F8D031200DBD70D /* Tips in Resources */,
				04F03A1D1F8D00BC00DBD70D /* LaunchScreen.storyboard in Resources */,
				04F03A181F8D00BC00DBD70D /* Main.storyboard in Resources */,
			);
			runOnlyForDeploymentPostprocessing = 0;
		};
		F08D34561F8DC53700AE44F3 /* Resources */ = {
			isa = PBXResourcesBuildPhase;
			buildActionMask = 2147483647;
			files = (
				F08D34671F8DC53700AE44F3 /* LaunchScreen.storyboard in Resources */,
				F08D34621F8DC53700AE44F3 /* Main.storyboard in Resources */,
			);
			runOnlyForDeploymentPostprocessing = 0;
		};
/* End PBXResourcesBuildPhase section */

/* Begin PBXSourcesBuildPhase section */
		04344EE41F8FAE250089F44B /* Sources */ = {
			isa = PBXSourcesBuildPhase;
			buildActionMask = 2147483647;
			files = (
				04344EF21F8FAE250089F44B /* TableViewController.m in Sources */,
				04344F011F8FAE960089F44B /* ZXGCell.m in Sources */,
				04344EEF1F8FAE250089F44B /* AppDelegate.m in Sources */,
				04344EEC1F8FAE250089F44B /* main.m in Sources */,
			);
			runOnlyForDeploymentPostprocessing = 0;
		};
		04B8CC951F904F49002FCFE4 /* Sources */ = {
			isa = PBXSourcesBuildPhase;
			buildActionMask = 2147483647;
			files = (
				04B8CCB51F905090002FCFE4 /* TestView.m in Sources */,
				04B8CCA31F904F49002FCFE4 /* TableViewController.m in Sources */,
				04B8CCA01F904F49002FCFE4 /* AppDelegate.m in Sources */,
				04B8CC9D1F904F49002FCFE4 /* main.m in Sources */,
				04B8CCB81F9050A0002FCFE4 /* TestViewController.m in Sources */,
			);
			runOnlyForDeploymentPostprocessing = 0;
		};
		04F03A071F8D00BC00DBD70D /* Sources */ = {
			isa = PBXSourcesBuildPhase;
			buildActionMask = 2147483647;
			files = (
				04F03A151F8D00BC00DBD70D /* TableViewController.m in Sources */,
				04F03A121F8D00BC00DBD70D /* AppDelegate.m in Sources */,
				04F03A0F1F8D00BC00DBD70D /* main.m in Sources */,
			);
			runOnlyForDeploymentPostprocessing = 0;
		};
		F08D34541F8DC53700AE44F3 /* Sources */ = {
			isa = PBXSourcesBuildPhase;
			buildActionMask = 2147483647;
			files = (
				F08D345F1F8DC53700AE44F3 /* TableViewController.m in Sources */,
				F08D346A1F8DC53700AE44F3 /* main.m in Sources */,
				F08D34701F8DC63E00AE44F3 /* Person.m in Sources */,
				F08D345C1F8DC53700AE44F3 /* AppDelegate.m in Sources */,
			);
			runOnlyForDeploymentPostprocessing = 0;
		};
		F08D34711F8DC6EB00AE44F3 /* Sources */ = {
			isa = PBXSourcesBuildPhase;
			buildActionMask = 2147483647;
			files = (
				F08D34781F8DC6EB00AE44F3 /* main.m in Sources */,
			);
			runOnlyForDeploymentPostprocessing = 0;
		};
/* End PBXSourcesBuildPhase section */

/* Begin PBXVariantGroup section */
		04344EF31F8FAE250089F44B /* Main.storyboard */ = {
			isa = PBXVariantGroup;
			children = (
				04344EF41F8FAE250089F44B /* Base */,
			);
			name = Main.storyboard;
			sourceTree = "<group>";
		};
		04344EF81F8FAE250089F44B /* LaunchScreen.storyboard */ = {
			isa = PBXVariantGroup;
			children = (
				04344EF91F8FAE250089F44B /* Base */,
			);
			name = LaunchScreen.storyboard;
			sourceTree = "<group>";
		};
		04B8CCA41F904F49002FCFE4 /* Main.storyboard */ = {
			isa = PBXVariantGroup;
			children = (
				04B8CCA51F904F49002FCFE4 /* Base */,
			);
			name = Main.storyboard;
			sourceTree = "<group>";
		};
		04B8CCA91F904F49002FCFE4 /* LaunchScreen.storyboard */ = {
			isa = PBXVariantGroup;
			children = (
				04B8CCAA1F904F49002FCFE4 /* Base */,
			);
			name = LaunchScreen.storyboard;
			sourceTree = "<group>";
		};
		04F03A161F8D00BC00DBD70D /* Main.storyboard */ = {
			isa = PBXVariantGroup;
			children = (
				04F03A171F8D00BC00DBD70D /* Base */,
			);
			name = Main.storyboard;
			sourceTree = "<group>";
		};
		04F03A1B1F8D00BC00DBD70D /* LaunchScreen.storyboard */ = {
			isa = PBXVariantGroup;
			children = (
				04F03A1C1F8D00BC00DBD70D /* Base */,
			);
			name = LaunchScreen.storyboard;
			sourceTree = "<group>";
		};
		F08D34601F8DC53700AE44F3 /* Main.storyboard */ = {
			isa = PBXVariantGroup;
			children = (
				F08D34611F8DC53700AE44F3 /* Base */,
			);
			name = Main.storyboard;
			sourceTree = "<group>";
		};
		F08D34651F8DC53700AE44F3 /* LaunchScreen.storyboard */ = {
			isa = PBXVariantGroup;
			children = (
				F08D34661F8DC53700AE44F3 /* Base */,
			);
			name = LaunchScreen.storyboard;
			sourceTree = "<group>";
		};
/* End PBXVariantGroup section */

/* Begin XCBuildConfiguration section */
		04344EFC1F8FAE250089F44B /* Debug */ = {
			isa = XCBuildConfiguration;
			buildSettings = {
				ASSETCATALOG_COMPILER_APPICON_NAME = AppIcon;
				INFOPLIST_FILE = "UITableView知识点/Info.plist";
				LD_RUNPATH_SEARCH_PATHS = "$(inherited) @executable_path/Frameworks";
				PRODUCT_BUNDLE_IDENTIFIER = "onzxgway.UITableView---";
				PRODUCT_NAME = "$(TARGET_NAME)";
			};
			name = Debug;
		};
		04344EFD1F8FAE250089F44B /* Release */ = {
			isa = XCBuildConfiguration;
			buildSettings = {
				ASSETCATALOG_COMPILER_APPICON_NAME = AppIcon;
				INFOPLIST_FILE = "UITableView知识点/Info.plist";
				LD_RUNPATH_SEARCH_PATHS = "$(inherited) @executable_path/Frameworks";
				PRODUCT_BUNDLE_IDENTIFIER = "onzxgway.UITableView---";
				PRODUCT_NAME = "$(TARGET_NAME)";
			};
			name = Release;
		};
		04B8CCAD1F904F49002FCFE4 /* Debug */ = {
			isa = XCBuildConfiguration;
			buildSettings = {
				ASSETCATALOG_COMPILER_APPICON_NAME = AppIcon;
				INFOPLIST_FILE = "UIView的生命周期/Info.plist";
				LD_RUNPATH_SEARCH_PATHS = "$(inherited) @executable_path/Frameworks";
				PRODUCT_BUNDLE_IDENTIFIER = "onzxgway.UIView-----";
				PRODUCT_NAME = "$(TARGET_NAME)";
			};
			name = Debug;
		};
		04B8CCAE1F904F49002FCFE4 /* Release */ = {
			isa = XCBuildConfiguration;
			buildSettings = {
				ASSETCATALOG_COMPILER_APPICON_NAME = AppIcon;
				INFOPLIST_FILE = "UIView的生命周期/Info.plist";
				LD_RUNPATH_SEARCH_PATHS = "$(inherited) @executable_path/Frameworks";
				PRODUCT_BUNDLE_IDENTIFIER = "onzxgway.UIView-----";
				PRODUCT_NAME = "$(TARGET_NAME)";
			};
			name = Release;
		};
		04F03A021F8D001200DBD70D /* Debug */ = {
			isa = XCBuildConfiguration;
			buildSettings = {
				ALWAYS_SEARCH_USER_PATHS = NO;
				CLANG_ANALYZER_NONNULL = YES;
				CLANG_CXX_LANGUAGE_STANDARD = "gnu++0x";
				CLANG_CXX_LIBRARY = "libc++";
				CLANG_ENABLE_MODULES = YES;
				CLANG_ENABLE_OBJC_ARC = YES;
				CLANG_WARN_BOOL_CONVERSION = YES;
				CLANG_WARN_CONSTANT_CONVERSION = YES;
				CLANG_WARN_DIRECT_OBJC_ISA_USAGE = YES_ERROR;
				CLANG_WARN_DOCUMENTATION_COMMENTS = YES;
				CLANG_WARN_EMPTY_BODY = YES;
				CLANG_WARN_ENUM_CONVERSION = YES;
				CLANG_WARN_INFINITE_RECURSION = YES;
				CLANG_WARN_INT_CONVERSION = YES;
				CLANG_WARN_OBJC_ROOT_CLASS = YES_ERROR;
				CLANG_WARN_SUSPICIOUS_MOVE = YES;
				CLANG_WARN_UNREACHABLE_CODE = YES;
				CLANG_WARN__DUPLICATE_METHOD_MATCH = YES;
				"CODE_SIGN_IDENTITY[sdk=iphoneos*]" = "iPhone Developer";
				COPY_PHASE_STRIP = NO;
				DEBUG_INFORMATION_FORMAT = dwarf;
				ENABLE_STRICT_OBJC_MSGSEND = YES;
				ENABLE_TESTABILITY = YES;
				GCC_C_LANGUAGE_STANDARD = gnu99;
				GCC_DYNAMIC_NO_PIC = NO;
				GCC_NO_COMMON_BLOCKS = YES;
				GCC_OPTIMIZATION_LEVEL = 0;
				GCC_PREPROCESSOR_DEFINITIONS = (
					"DEBUG=1",
					"$(inherited)",
				);
				GCC_WARN_64_TO_32_BIT_CONVERSION = YES;
				GCC_WARN_ABOUT_RETURN_TYPE = YES_ERROR;
				GCC_WARN_UNDECLARED_SELECTOR = YES;
				GCC_WARN_UNINITIALIZED_AUTOS = YES_AGGRESSIVE;
				GCC_WARN_UNUSED_FUNCTION = YES;
				GCC_WARN_UNUSED_VARIABLE = YES;
				IPHONEOS_DEPLOYMENT_TARGET = 10.2;
				MTL_ENABLE_DEBUG_INFO = YES;
				ONLY_ACTIVE_ARCH = YES;
				SDKROOT = iphoneos;
			};
			name = Debug;
		};
		04F03A031F8D001200DBD70D /* Release */ = {
			isa = XCBuildConfiguration;
			buildSettings = {
				ALWAYS_SEARCH_USER_PATHS = NO;
				CLANG_ANALYZER_NONNULL = YES;
				CLANG_CXX_LANGUAGE_STANDARD = "gnu++0x";
				CLANG_CXX_LIBRARY = "libc++";
				CLANG_ENABLE_MODULES = YES;
				CLANG_ENABLE_OBJC_ARC = YES;
				CLANG_WARN_BOOL_CONVERSION = YES;
				CLANG_WARN_CONSTANT_CONVERSION = YES;
				CLANG_WARN_DIRECT_OBJC_ISA_USAGE = YES_ERROR;
				CLANG_WARN_DOCUMENTATION_COMMENTS = YES;
				CLANG_WARN_EMPTY_BODY = YES;
				CLANG_WARN_ENUM_CONVERSION = YES;
				CLANG_WARN_INFINITE_RECURSION = YES;
				CLANG_WARN_INT_CONVERSION = YES;
				CLANG_WARN_OBJC_ROOT_CLASS = YES_ERROR;
				CLANG_WARN_SUSPICIOUS_MOVE = YES;
				CLANG_WARN_UNREACHABLE_CODE = YES;
				CLANG_WARN__DUPLICATE_METHOD_MATCH = YES;
				"CODE_SIGN_IDENTITY[sdk=iphoneos*]" = "iPhone Developer";
				COPY_PHASE_STRIP = NO;
				DEBUG_INFORMATION_FORMAT = "dwarf-with-dsym";
				ENABLE_NS_ASSERTIONS = NO;
				ENABLE_STRICT_OBJC_MSGSEND = YES;
				GCC_C_LANGUAGE_STANDARD = gnu99;
				GCC_NO_COMMON_BLOCKS = YES;
				GCC_WARN_64_TO_32_BIT_CONVERSION = YES;
				GCC_WARN_ABOUT_RETURN_TYPE = YES_ERROR;
				GCC_WARN_UNDECLARED_SELECTOR = YES;
				GCC_WARN_UNINITIALIZED_AUTOS = YES_AGGRESSIVE;
				GCC_WARN_UNUSED_FUNCTION = YES;
				GCC_WARN_UNUSED_VARIABLE = YES;
				IPHONEOS_DEPLOYMENT_TARGET = 10.2;
				MTL_ENABLE_DEBUG_INFO = NO;
				SDKROOT = iphoneos;
				VALIDATE_PRODUCT = YES;
			};
			name = Release;
		};
		04F03A201F8D00BC00DBD70D /* Debug */ = {
			isa = XCBuildConfiguration;
			buildSettings = {
				ASSETCATALOG_COMPILER_APPICON_NAME = AppIcon;
				INFOPLIST_FILE = "TableViewCell编辑/Info.plist";
				LD_RUNPATH_SEARCH_PATHS = "$(inherited) @executable_path/Frameworks";
				PRODUCT_BUNDLE_IDENTIFIER = "onzxgway.TableViewCell--";
				PRODUCT_NAME = "$(TARGET_NAME)";
			};
			name = Debug;
		};
		04F03A211F8D00BC00DBD70D /* Release */ = {
			isa = XCBuildConfiguration;
			buildSettings = {
				ASSETCATALOG_COMPILER_APPICON_NAME = AppIcon;
				INFOPLIST_FILE = "TableViewCell编辑/Info.plist";
				LD_RUNPATH_SEARCH_PATHS = "$(inherited) @executable_path/Frameworks";
				PRODUCT_BUNDLE_IDENTIFIER = "onzxgway.TableViewCell--";
				PRODUCT_NAME = "$(TARGET_NAME)";
			};
			name = Release;
		};
		F08D346C1F8DC53700AE44F3 /* Debug */ = {
			isa = XCBuildConfiguration;
			buildSettings = {
				ASSETCATALOG_COMPILER_APPICON_NAME = AppIcon;
				CLANG_ANALYZER_NUMBER_OBJECT_CONVERSION = YES_AGGRESSIVE;
				CLANG_CXX_LANGUAGE_STANDARD = "gnu++14";
				CLANG_WARN_BLOCK_CAPTURE_AUTORELEASING = YES;
				CLANG_WARN_COMMA = YES;
				CLANG_WARN_NON_LITERAL_NULL_CONVERSION = YES;
				CLANG_WARN_OBJC_LITERAL_CONVERSION = YES;
				CLANG_WARN_RANGE_LOOP_ANALYSIS = YES;
				CLANG_WARN_STRICT_PROTOTYPES = YES;
				CLANG_WARN_UNGUARDED_AVAILABILITY = YES_AGGRESSIVE;
				CODE_SIGN_IDENTITY = "iPhone Developer";
				CODE_SIGN_STYLE = Automatic;
				GCC_C_LANGUAGE_STANDARD = gnu11;
				INFOPLIST_FILE = "UIApplication作用/Info.plist";
				IPHONEOS_DEPLOYMENT_TARGET = 8.0;
				LD_RUNPATH_SEARCH_PATHS = "$(inherited) @executable_path/Frameworks";
				PRODUCT_BUNDLE_IDENTIFIER = "onzxgway.UIApplication--";
				PRODUCT_NAME = "$(TARGET_NAME)";
				TARGETED_DEVICE_FAMILY = "1,2";
			};
			name = Debug;
		};
		F08D346D1F8DC53700AE44F3 /* Release */ = {
			isa = XCBuildConfiguration;
			buildSettings = {
				ASSETCATALOG_COMPILER_APPICON_NAME = AppIcon;
				CLANG_ANALYZER_NUMBER_OBJECT_CONVERSION = YES_AGGRESSIVE;
				CLANG_CXX_LANGUAGE_STANDARD = "gnu++14";
				CLANG_WARN_BLOCK_CAPTURE_AUTORELEASING = YES;
				CLANG_WARN_COMMA = YES;
				CLANG_WARN_NON_LITERAL_NULL_CONVERSION = YES;
				CLANG_WARN_OBJC_LITERAL_CONVERSION = YES;
				CLANG_WARN_RANGE_LOOP_ANALYSIS = YES;
				CLANG_WARN_STRICT_PROTOTYPES = YES;
				CLANG_WARN_UNGUARDED_AVAILABILITY = YES_AGGRESSIVE;
				CODE_SIGN_IDENTITY = "iPhone Developer";
				CODE_SIGN_STYLE = Automatic;
				GCC_C_LANGUAGE_STANDARD = gnu11;
				INFOPLIST_FILE = "UIApplication作用/Info.plist";
				IPHONEOS_DEPLOYMENT_TARGET = 8.0;
				LD_RUNPATH_SEARCH_PATHS = "$(inherited) @executable_path/Frameworks";
				PRODUCT_BUNDLE_IDENTIFIER = "onzxgway.UIApplication--";
				PRODUCT_NAME = "$(TARGET_NAME)";
				TARGETED_DEVICE_FAMILY = "1,2";
			};
			name = Release;
		};
		F08D347A1F8DC6EB00AE44F3 /* Debug */ = {
			isa = XCBuildConfiguration;
			buildSettings = {
				CLANG_ANALYZER_NUMBER_OBJECT_CONVERSION = YES_AGGRESSIVE;
				CLANG_CXX_LANGUAGE_STANDARD = "gnu++14";
				CLANG_WARN_BLOCK_CAPTURE_AUTORELEASING = YES;
				CLANG_WARN_COMMA = YES;
				CLANG_WARN_NON_LITERAL_NULL_CONVERSION = YES;
				CLANG_WARN_OBJC_LITERAL_CONVERSION = YES;
				CLANG_WARN_RANGE_LOOP_ANALYSIS = YES;
				CLANG_WARN_STRICT_PROTOTYPES = YES;
				CLANG_WARN_UNGUARDED_AVAILABILITY = YES_AGGRESSIVE;
				CODE_SIGN_IDENTITY = "-";
				CODE_SIGN_STYLE = Automatic;
				GCC_C_LANGUAGE_STANDARD = gnu11;
				MACOSX_DEPLOYMENT_TARGET = 10.12;
				PRODUCT_NAME = "$(TARGET_NAME)";
				SDKROOT = macosx;
			};
			name = Debug;
		};
		F08D347B1F8DC6EB00AE44F3 /* Release */ = {
			isa = XCBuildConfiguration;
			buildSettings = {
				CLANG_ANALYZER_NUMBER_OBJECT_CONVERSION = YES_AGGRESSIVE;
				CLANG_CXX_LANGUAGE_STANDARD = "gnu++14";
				CLANG_WARN_BLOCK_CAPTURE_AUTORELEASING = YES;
				CLANG_WARN_COMMA = YES;
				CLANG_WARN_NON_LITERAL_NULL_CONVERSION = YES;
				CLANG_WARN_OBJC_LITERAL_CONVERSION = YES;
				CLANG_WARN_RANGE_LOOP_ANALYSIS = YES;
				CLANG_WARN_STRICT_PROTOTYPES = YES;
				CLANG_WARN_UNGUARDED_AVAILABILITY = YES_AGGRESSIVE;
				CODE_SIGN_IDENTITY = "-";
				CODE_SIGN_STYLE = Automatic;
				GCC_C_LANGUAGE_STANDARD = gnu11;
				MACOSX_DEPLOYMENT_TARGET = 10.12;
				PRODUCT_NAME = "$(TARGET_NAME)";
				SDKROOT = macosx;
			};
			name = Release;
		};
/* End XCBuildConfiguration section */

/* Begin XCConfigurationList section */
		04344EFE1F8FAE250089F44B /* Build configuration list for PBXNativeTarget "UITableView知识点" */ = {
			isa = XCConfigurationList;
			buildConfigurations = (
				04344EFC1F8FAE250089F44B /* Debug */,
				04344EFD1F8FAE250089F44B /* Release */,
			);
			defaultConfigurationIsVisible = 0;
			defaultConfigurationName = Release;
		};
		04B8CCAF1F904F49002FCFE4 /* Build configuration list for PBXNativeTarget "UIView的生命周期" */ = {
			isa = XCConfigurationList;
			buildConfigurations = (
				04B8CCAD1F904F49002FCFE4 /* Debug */,
				04B8CCAE1F904F49002FCFE4 /* Release */,
			);
			defaultConfigurationIsVisible = 0;
			defaultConfigurationName = Release;
		};
		04F039E81F8D001200DBD70D /* Build configuration list for PBXProject "UICategory" */ = {
			isa = XCConfigurationList;
			buildConfigurations = (
				04F03A021F8D001200DBD70D /* Debug */,
				04F03A031F8D001200DBD70D /* Release */,
			);
			defaultConfigurationIsVisible = 0;
			defaultConfigurationName = Release;
		};
		04F03A1F1F8D00BC00DBD70D /* Build configuration list for PBXNativeTarget "TableViewCell编辑" */ = {
			isa = XCConfigurationList;
			buildConfigurations = (
				04F03A201F8D00BC00DBD70D /* Debug */,
				04F03A211F8D00BC00DBD70D /* Release */,
			);
			defaultConfigurationIsVisible = 0;
			defaultConfigurationName = Release;
		};
		F08D346B1F8DC53700AE44F3 /* Build configuration list for PBXNativeTarget "UIApplication作用" */ = {
			isa = XCConfigurationList;
			buildConfigurations = (
				F08D346C1F8DC53700AE44F3 /* Debug */,
				F08D346D1F8DC53700AE44F3 /* Release */,
			);
			defaultConfigurationIsVisible = 0;
			defaultConfigurationName = Release;
		};
		F08D34791F8DC6EB00AE44F3 /* Build configuration list for PBXNativeTarget "项目配置文件" */ = {
			isa = XCConfigurationList;
			buildConfigurations = (
				F08D347A1F8DC6EB00AE44F3 /* Debug */,
				F08D347B1F8DC6EB00AE44F3 /* Release */,
			);
			defaultConfigurationIsVisible = 0;
			defaultConfigurationName = Release;
		};
/* End XCConfigurationList section */
	};
	rootObject = 04F039E51F8D001200DBD70D /* Project object */;
}
