// !$*UTF8*$!
{
	archiveVersion = 1;
	classes = {
	};
	objectVersion = 48;
	objects = {

/* Begin PBXBuildFile section */
		0135D3A520DDF317008E83D9 /* Assets.xcassets in Resources */ = {isa = PBXBuildFile; fileRef = 0135D3A420DDF317008E83D9 /* Assets.xcassets */; };
		0135D3B020DDFCA1008E83D9 /* AppDelegate.swift in Sources */ = {isa = PBXBuildFile; fileRef = 0135D3AE20DDFCA1008E83D9 /* AppDelegate.swift */; };
		0135D3B420DDFCED008E83D9 /* MainTabBarController.swift in Sources */ = {isa = PBXBuildFile; fileRef = 0135D3B320DDFCEC008E83D9 /* MainTabBarController.swift */; };
		0135D3B820DE253B008E83D9 /* CustomNavigationController.swift in Sources */ = {isa = PBXBuildFile; fileRef = 0135D3B720DE253B008E83D9 /* CustomNavigationController.swift */; };
		0135D3D120DE2851008E83D9 /* DownloadController.swift in Sources */ = {isa = PBXBuildFile; fileRef = 0135D3D020DE2851008E83D9 /* DownloadController.swift */; };
		0135D3D320DE2860008E83D9 /* SubscribeController.swift in Sources */ = {isa = PBXBuildFile; fileRef = 0135D3D220DE2860008E83D9 /* SubscribeController.swift */; };
		0135D3D520DE2874008E83D9 /* MineController.swift in Sources */ = {isa = PBXBuildFile; fileRef = 0135D3D420DE2874008E83D9 /* MineController.swift */; };
		0135D3DA20DE28AC008E83D9 /* PlayController.swift in Sources */ = {isa = PBXBuildFile; fileRef = 0135D3D920DE28AC008E83D9 /* PlayController.swift */; };
		016AE39F2100271300A0D2D4 /* AppDelegate.swift in Sources */ = {isa = PBXBuildFile; fileRef = 016AE39E2100271300A0D2D4 /* AppDelegate.swift */; };
		016AE3A12100271300A0D2D4 /* ViewController.swift in Sources */ = {isa = PBXBuildFile; fileRef = 016AE3A02100271300A0D2D4 /* ViewController.swift */; };
		016AE3A42100271300A0D2D4 /* Main.storyboard in Resources */ = {isa = PBXBuildFile; fileRef = 016AE3A22100271300A0D2D4 /* Main.storyboard */; };
		016AE3A62100271300A0D2D4 /* Assets.xcassets in Resources */ = {isa = PBXBuildFile; fileRef = 016AE3A52100271300A0D2D4 /* Assets.xcassets */; };
		016AE3A92100271400A0D2D4 /* LaunchScreen.storyboard in Resources */ = {isa = PBXBuildFile; fileRef = 016AE3A72100271400A0D2D4 /* LaunchScreen.storyboard */; };
		017EBA8A21017F1300D46E97 /* FatherController.swift in Sources */ = {isa = PBXBuildFile; fileRef = 017EBA8921017F1300D46E97 /* FatherController.swift */; };
		017EBA8C2101821700D46E97 /* SonController.swift in Sources */ = {isa = PBXBuildFile; fileRef = 017EBA8B2101821700D46E97 /* SonController.swift */; };
		0415A0FB213D31C000D8461D /* Common.swift in Sources */ = {isa = PBXBuildFile; fileRef = 0415A0FA213D31C000D8461D /* Common.swift */; };
		042D6952213D68900056CD93 /* PageCategoryView.swift in Sources */ = {isa = PBXBuildFile; fileRef = 042D6951213D68900056CD93 /* PageCategoryView.swift */; };
		044AA2CF2150899000801CA6 /* OOOrFunctionController.swift in Sources */ = {isa = PBXBuildFile; fileRef = 044AA2CE2150899000801CA6 /* OOOrFunctionController.swift */; };
		0466EDF9213FA3EA00CB7589 /* PageViewConfig.swift in Sources */ = {isa = PBXBuildFile; fileRef = 0466EDF8213FA3EA00CB7589 /* PageViewConfig.swift */; };
		0475AF35213D399200DEBFC1 /* BaseViewController.swift in Sources */ = {isa = PBXBuildFile; fileRef = 0475AF34213D399200DEBFC1 /* BaseViewController.swift */; };
		0475AF3F213D3B9D00DEBFC1 /* FindController.swift in Sources */ = {isa = PBXBuildFile; fileRef = 0475AF38213D3B9D00DEBFC1 /* FindController.swift */; };
		0475AF51213D3DB600DEBFC1 /* RecommendController.swift in Sources */ = {isa = PBXBuildFile; fileRef = 0475AF4E213D3DB600DEBFC1 /* RecommendController.swift */; };
		0475AF53213D3DE700DEBFC1 /* CategoryController.swift in Sources */ = {isa = PBXBuildFile; fileRef = 0475AF52213D3DE700DEBFC1 /* CategoryController.swift */; };
		0475AF55213D3E0200DEBFC1 /* BroadcastController.swift in Sources */ = {isa = PBXBuildFile; fileRef = 0475AF54213D3E0200DEBFC1 /* BroadcastController.swift */; };
		0475AF57213D3E1100DEBFC1 /* LiveController.swift in Sources */ = {isa = PBXBuildFile; fileRef = 0475AF56213D3E1100DEBFC1 /* LiveController.swift */; };
		0475AF59213D3E1B00DEBFC1 /* VipController.swift in Sources */ = {isa = PBXBuildFile; fileRef = 0475AF58213D3E1B00DEBFC1 /* VipController.swift */; };
		0475AF5B213D414C00DEBFC1 /* PageView.swift in Sources */ = {isa = PBXBuildFile; fileRef = 0475AF5A213D414C00DEBFC1 /* PageView.swift */; };
		049DBD5A214B67E1007A1826 /* ClassAndStructController.swift in Sources */ = {isa = PBXBuildFile; fileRef = 049DBD59214B67E1007A1826 /* ClassAndStructController.swift */; };
		04D98E582143A87E000E24C1 /* PageContentView.swift in Sources */ = {isa = PBXBuildFile; fileRef = 04D98E572143A87E000E24C1 /* PageContentView.swift */; };
/* End PBXBuildFile section */

/* Begin PBXFileReference section */
		0135D38220DDF2DA008E83D9 /* Swift.app */ = {isa = PBXFileReference; explicitFileType = wrapper.application; includeInIndex = 0; path = Swift.app; sourceTree = BUILT_PRODUCTS_DIR; };
		0135D39B20DDF317008E83D9 /* XiMaLaYa.app */ = {isa = PBXFileReference; explicitFileType = wrapper.application; includeInIndex = 0; path = XiMaLaYa.app; sourceTree = BUILT_PRODUCTS_DIR; };
		0135D3A420DDF317008E83D9 /* Assets.xcassets */ = {isa = PBXFileReference; lastKnownFileType = folder.assetcatalog; path = Assets.xcassets; sourceTree = "<group>"; };
		0135D3A920DDF317008E83D9 /* Info.plist */ = {isa = PBXFileReference; lastKnownFileType = text.plist.xml; path = Info.plist; sourceTree = "<group>"; };
		0135D3AE20DDFCA1008E83D9 /* AppDelegate.swift */ = {isa = PBXFileReference; fileEncoding = 4; lastKnownFileType = sourcecode.swift; path = AppDelegate.swift; sourceTree = "<group>"; };
		0135D3B320DDFCEC008E83D9 /* MainTabBarController.swift */ = {isa = PBXFileReference; fileEncoding = 4; lastKnownFileType = sourcecode.swift; path = MainTabBarController.swift; sourceTree = "<group>"; };
		0135D3B720DE253B008E83D9 /* CustomNavigationController.swift */ = {isa = PBXFileReference; lastKnownFileType = sourcecode.swift; path = CustomNavigationController.swift; sourceTree = "<group>"; };
		0135D3D020DE2851008E83D9 /* DownloadController.swift */ = {isa = PBXFileReference; lastKnownFileType = sourcecode.swift; path = DownloadController.swift; sourceTree = "<group>"; };
		0135D3D220DE2860008E83D9 /* SubscribeController.swift */ = {isa = PBXFileReference; lastKnownFileType = sourcecode.swift; path = SubscribeController.swift; sourceTree = "<group>"; };
		0135D3D420DE2874008E83D9 /* MineController.swift */ = {isa = PBXFileReference; lastKnownFileType = sourcecode.swift; path = MineController.swift; sourceTree = "<group>"; };
		0135D3D920DE28AC008E83D9 /* PlayController.swift */ = {isa = PBXFileReference; lastKnownFileType = sourcecode.swift; path = PlayController.swift; sourceTree = "<group>"; };
		016AE39C2100271200A0D2D4 /* SwiftTour.app */ = {isa = PBXFileReference; explicitFileType = wrapper.application; includeInIndex = 0; path = SwiftTour.app; sourceTree = BUILT_PRODUCTS_DIR; };
		016AE39E2100271300A0D2D4 /* AppDelegate.swift */ = {isa = PBXFileReference; lastKnownFileType = sourcecode.swift; path = AppDelegate.swift; sourceTree = "<group>"; };
		016AE3A02100271300A0D2D4 /* ViewController.swift */ = {isa = PBXFileReference; lastKnownFileType = sourcecode.swift; path = ViewController.swift; sourceTree = "<group>"; };
		016AE3A32100271300A0D2D4 /* Base */ = {isa = PBXFileReference; lastKnownFileType = file.storyboard; name = Base; path = Base.lproj/Main.storyboard; sourceTree = "<group>"; };
		016AE3A52100271300A0D2D4 /* Assets.xcassets */ = {isa = PBXFileReference; lastKnownFileType = folder.assetcatalog; path = Assets.xcassets; sourceTree = "<group>"; };
		016AE3A82100271400A0D2D4 /* Base */ = {isa = PBXFileReference; lastKnownFileType = file.storyboard; name = Base; path = Base.lproj/LaunchScreen.storyboard; sourceTree = "<group>"; };
		016AE3AA2100271400A0D2D4 /* Info.plist */ = {isa = PBXFileReference; lastKnownFileType = text.plist.xml; path = Info.plist; sourceTree = "<group>"; };
		017EBA8921017F1300D46E97 /* FatherController.swift */ = {isa = PBXFileReference; lastKnownFileType = sourcecode.swift; path = FatherController.swift; sourceTree = "<group>"; };
		017EBA8B2101821700D46E97 /* SonController.swift */ = {isa = PBXFileReference; lastKnownFileType = sourcecode.swift; path = SonController.swift; sourceTree = "<group>"; };
		0415A0FA213D31C000D8461D /* Common.swift */ = {isa = PBXFileReference; lastKnownFileType = sourcecode.swift; path = Common.swift; sourceTree = "<group>"; };
		042D6951213D68900056CD93 /* PageCategoryView.swift */ = {isa = PBXFileReference; lastKnownFileType = sourcecode.swift; path = PageCategoryView.swift; sourceTree = "<group>"; };
		044AA2CE2150899000801CA6 /* OOOrFunctionController.swift */ = {isa = PBXFileReference; lastKnownFileType = sourcecode.swift; path = OOOrFunctionController.swift; sourceTree = "<group>"; };
		0466EDF8213FA3EA00CB7589 /* PageViewConfig.swift */ = {isa = PBXFileReference; lastKnownFileType = sourcecode.swift; path = PageViewConfig.swift; sourceTree = "<group>"; };
		0475AF34213D399200DEBFC1 /* BaseViewController.swift */ = {isa = PBXFileReference; lastKnownFileType = sourcecode.swift; path = BaseViewController.swift; sourceTree = "<group>"; };
		0475AF38213D3B9D00DEBFC1 /* FindController.swift */ = {isa = PBXFileReference; fileEncoding = 4; lastKnownFileType = sourcecode.swift; path = FindController.swift; sourceTree = "<group>"; };
		0475AF4E213D3DB600DEBFC1 /* RecommendController.swift */ = {isa = PBXFileReference; fileEncoding = 4; lastKnownFileType = sourcecode.swift; path = RecommendController.swift; sourceTree = "<group>"; };
		0475AF52213D3DE700DEBFC1 /* CategoryController.swift */ = {isa = PBXFileReference; lastKnownFileType = sourcecode.swift; path = CategoryController.swift; sourceTree = "<group>"; };
		0475AF54213D3E0200DEBFC1 /* BroadcastController.swift */ = {isa = PBXFileReference; lastKnownFileType = sourcecode.swift; path = BroadcastController.swift; sourceTree = "<group>"; };
		0475AF56213D3E1100DEBFC1 /* LiveController.swift */ = {isa = PBXFileReference; lastKnownFileType = sourcecode.swift; path = LiveController.swift; sourceTree = "<group>"; };
		0475AF58213D3E1B00DEBFC1 /* VipController.swift */ = {isa = PBXFileReference; lastKnownFileType = sourcecode.swift; path = VipController.swift; sourceTree = "<group>"; };
		0475AF5A213D414C00DEBFC1 /* PageView.swift */ = {isa = PBXFileReference; lastKnownFileType = sourcecode.swift; path = PageView.swift; sourceTree = "<group>"; };
		049DBD59214B67E1007A1826 /* ClassAndStructController.swift */ = {isa = PBXFileReference; fileEncoding = 4; lastKnownFileType = sourcecode.swift; path = ClassAndStructController.swift; sourceTree = "<group>"; };
		04D98E572143A87E000E24C1 /* PageContentView.swift */ = {isa = PBXFileReference; lastKnownFileType = sourcecode.swift; path = PageContentView.swift; sourceTree = "<group>"; };
/* End PBXFileReference section */

/* Begin PBXFrameworksBuildPhase section */
		0135D37F20DDF2DA008E83D9 /* Frameworks */ = {
			isa = PBXFrameworksBuildPhase;
			buildActionMask = 2147483647;
			files = (
			);
			runOnlyForDeploymentPostprocessing = 0;
		};
		0135D39820DDF317008E83D9 /* Frameworks */ = {
			isa = PBXFrameworksBuildPhase;
			buildActionMask = 2147483647;
			files = (
			);
			runOnlyForDeploymentPostprocessing = 0;
		};
		016AE3992100271200A0D2D4 /* Frameworks */ = {
			isa = PBXFrameworksBuildPhase;
			buildActionMask = 2147483647;
			files = (
			);
			runOnlyForDeploymentPostprocessing = 0;
		};
/* End PBXFrameworksBuildPhase section */

/* Begin PBXGroup section */
		0135D37920DDF2DA008E83D9 = {
			isa = PBXGroup;
			children = (
				0135D39C20DDF317008E83D9 /* XiMaLaYa */,
				016AE39D2100271300A0D2D4 /* SwiftTour */,
				0135D38320DDF2DA008E83D9 /* Products */,
			);
			sourceTree = "<group>";
		};
		0135D38320DDF2DA008E83D9 /* Products */ = {
			isa = PBXGroup;
			children = (
				0135D38220DDF2DA008E83D9 /* Swift.app */,
				0135D39B20DDF317008E83D9 /* XiMaLaYa.app */,
				016AE39C2100271200A0D2D4 /* SwiftTour.app */,
			);
			name = Products;
			sourceTree = "<group>";
		};
		0135D39C20DDF317008E83D9 /* XiMaLaYa */ = {
			isa = PBXGroup;
			children = (
				0135D3C920DE2816008E83D9 /* Play */,
				0135D3CA20DE2816008E83D9 /* Subscribe */,
				0135D3B920DE27C5008E83D9 /* Download */,
				0135D3BD20DE27C5008E83D9 /* Find */,
				0135D3C520DE27C5008E83D9 /* Mine */,
				0135D3B220DDFCEC008E83D9 /* Architecture */,
				0135D3AD20DDFCA1008E83D9 /* Others */,
				0135D3A420DDF317008E83D9 /* Assets.xcassets */,
				0135D3A920DDF317008E83D9 /* Info.plist */,
			);
			path = XiMaLaYa;
			sourceTree = "<group>";
		};
		0135D3AD20DDFCA1008E83D9 /* Others */ = {
			isa = PBXGroup;
			children = (
				0135D3AE20DDFCA1008E83D9 /* AppDelegate.swift */,
				0415A0FA213D31C000D8461D /* Common.swift */,
			);
			path = Others;
			sourceTree = "<group>";
		};
		0135D3B220DDFCEC008E83D9 /* Architecture */ = {
			isa = PBXGroup;
			children = (
				0135D3B320DDFCEC008E83D9 /* MainTabBarController.swift */,
				0135D3B720DE253B008E83D9 /* CustomNavigationController.swift */,
				0475AF34213D399200DEBFC1 /* BaseViewController.swift */,
			);
			path = Architecture;
			sourceTree = "<group>";
		};
		0135D3B920DE27C5008E83D9 /* Download */ = {
			isa = PBXGroup;
			children = (
				0135D3BA20DE27C5008E83D9 /* Controller */,
				0135D3BB20DE27C5008E83D9 /* Model */,
				0135D3BC20DE27C5008E83D9 /* View */,
			);
			path = Download;
			sourceTree = "<group>";
		};
		0135D3BA20DE27C5008E83D9 /* Controller */ = {
			isa = PBXGroup;
			children = (
				0135D3D020DE2851008E83D9 /* DownloadController.swift */,
			);
			path = Controller;
			sourceTree = "<group>";
		};
		0135D3BB20DE27C5008E83D9 /* Model */ = {
			isa = PBXGroup;
			children = (
			);
			path = Model;
			sourceTree = "<group>";
		};
		0135D3BC20DE27C5008E83D9 /* View */ = {
			isa = PBXGroup;
			children = (
			);
			path = View;
			sourceTree = "<group>";
		};
		0135D3BD20DE27C5008E83D9 /* Find */ = {
			isa = PBXGroup;
			children = (
				0475AF38213D3B9D00DEBFC1 /* FindController.swift */,
				0475AF5A213D414C00DEBFC1 /* PageView.swift */,
				0466EDF8213FA3EA00CB7589 /* PageViewConfig.swift */,
				042D6951213D68900056CD93 /* PageCategoryView.swift */,
				04D98E572143A87E000E24C1 /* PageContentView.swift */,
				0475AF3C213D3B9D00DEBFC1 /* 发现 */,
				0475AF3A213D3B9D00DEBFC1 /* 分类 */,
				0475AF3B213D3B9D00DEBFC1 /* 广播 */,
				0475AF39213D3B9D00DEBFC1 /* 直播 */,
				0475AF3E213D3B9D00DEBFC1 /* VIP */,
			);
			path = Find;
			sourceTree = "<group>";
		};
		0135D3C520DE27C5008E83D9 /* Mine */ = {
			isa = PBXGroup;
			children = (
				0135D3C620DE27C5008E83D9 /* Controller */,
				0135D3C720DE27C5008E83D9 /* Model */,
				0135D3C820DE27C5008E83D9 /* View */,
			);
			path = Mine;
			sourceTree = "<group>";
		};
		0135D3C620DE27C5008E83D9 /* Controller */ = {
			isa = PBXGroup;
			children = (
				0135D3D420DE2874008E83D9 /* MineController.swift */,
			);
			path = Controller;
			sourceTree = "<group>";
		};
		0135D3C720DE27C5008E83D9 /* Model */ = {
			isa = PBXGroup;
			children = (
			);
			path = Model;
			sourceTree = "<group>";
		};
		0135D3C820DE27C5008E83D9 /* View */ = {
			isa = PBXGroup;
			children = (
			);
			path = View;
			sourceTree = "<group>";
		};
		0135D3C920DE2816008E83D9 /* Play */ = {
			isa = PBXGroup;
			children = (
				0135D3D620DE28A1008E83D9 /* Controller */,
				0135D3D720DE28A1008E83D9 /* Model */,
				0135D3D820DE28A1008E83D9 /* View */,
			);
			path = Play;
			sourceTree = "<group>";
		};
		0135D3CA20DE2816008E83D9 /* Subscribe */ = {
			isa = PBXGroup;
			children = (
				0135D3CB20DE2816008E83D9 /* Controller */,
				0135D3CC20DE2816008E83D9 /* Model */,
				0135D3CD20DE2816008E83D9 /* View */,
			);
			path = Subscribe;
			sourceTree = "<group>";
		};
		0135D3CB20DE2816008E83D9 /* Controller */ = {
			isa = PBXGroup;
			children = (
				0135D3D220DE2860008E83D9 /* SubscribeController.swift */,
			);
			path = Controller;
			sourceTree = "<group>";
		};
		0135D3CC20DE2816008E83D9 /* Model */ = {
			isa = PBXGroup;
			children = (
			);
			path = Model;
			sourceTree = "<group>";
		};
		0135D3CD20DE2816008E83D9 /* View */ = {
			isa = PBXGroup;
			children = (
			);
			path = View;
			sourceTree = "<group>";
		};
		0135D3D620DE28A1008E83D9 /* Controller */ = {
			isa = PBXGroup;
			children = (
				0135D3D920DE28AC008E83D9 /* PlayController.swift */,
			);
			path = Controller;
			sourceTree = "<group>";
		};
		0135D3D720DE28A1008E83D9 /* Model */ = {
			isa = PBXGroup;
			children = (
			);
			path = Model;
			sourceTree = "<group>";
		};
		0135D3D820DE28A1008E83D9 /* View */ = {
			isa = PBXGroup;
			children = (
			);
			path = View;
			sourceTree = "<group>";
		};
		016AE39D2100271300A0D2D4 /* SwiftTour */ = {
			isa = PBXGroup;
			children = (
				049DBD58214B67E1007A1826 /* SubController */,
				016AE39E2100271300A0D2D4 /* AppDelegate.swift */,
				016AE3A02100271300A0D2D4 /* ViewController.swift */,
				016AE3A22100271300A0D2D4 /* Main.storyboard */,
				016AE3A52100271300A0D2D4 /* Assets.xcassets */,
				016AE3A72100271400A0D2D4 /* LaunchScreen.storyboard */,
				016AE3AA2100271400A0D2D4 /* Info.plist */,
				017EBA8921017F1300D46E97 /* FatherController.swift */,
				017EBA8B2101821700D46E97 /* SonController.swift */,
			);
			path = SwiftTour;
			sourceTree = "<group>";
		};
		0475AF39213D3B9D00DEBFC1 /* 直播 */ = {
			isa = PBXGroup;
			children = (
				0475AF48213D3D9900DEBFC1 /* Controllers */,
				0475AF47213D3D9900DEBFC1 /* Models */,
				0475AF49213D3D9900DEBFC1 /* Views */,
			);
			path = "直播";
			sourceTree = "<group>";
		};
		0475AF3A213D3B9D00DEBFC1 /* 分类 */ = {
			isa = PBXGroup;
			children = (
				0475AF42213D3D8100DEBFC1 /* Controllers */,
				0475AF43213D3D8100DEBFC1 /* Models */,
				0475AF41213D3D8100DEBFC1 /* Views */,
			);
			path = "分类";
			sourceTree = "<group>";
		};
		0475AF3B213D3B9D00DEBFC1 /* 广播 */ = {
			isa = PBXGroup;
			children = (
				0475AF46213D3D8F00DEBFC1 /* Controllers */,
				0475AF45213D3D8F00DEBFC1 /* Models */,
				0475AF44213D3D8F00DEBFC1 /* Views */,
			);
			path = "广播";
			sourceTree = "<group>";
		};
		0475AF3C213D3B9D00DEBFC1 /* 发现 */ = {
			isa = PBXGroup;
			children = (
				0475AF4D213D3DB600DEBFC1 /* Controllers */,
				0475AF50213D3DB600DEBFC1 /* Models */,
				0475AF4F213D3DB600DEBFC1 /* Views */,
			);
			path = "发现";
			sourceTree = "<group>";
		};
		0475AF3E213D3B9D00DEBFC1 /* VIP */ = {
			isa = PBXGroup;
			children = (
				0475AF4B213D3DA500DEBFC1 /* Controllers */,
				0475AF4A213D3DA500DEBFC1 /* Models */,
				0475AF4C213D3DA500DEBFC1 /* Views */,
			);
			path = VIP;
			sourceTree = "<group>";
		};
		0475AF41213D3D8100DEBFC1 /* Views */ = {
			isa = PBXGroup;
			children = (
			);
			path = Views;
			sourceTree = "<group>";
		};
		0475AF42213D3D8100DEBFC1 /* Controllers */ = {
			isa = PBXGroup;
			children = (
				0475AF52213D3DE700DEBFC1 /* CategoryController.swift */,
			);
			path = Controllers;
			sourceTree = "<group>";
		};
		0475AF43213D3D8100DEBFC1 /* Models */ = {
			isa = PBXGroup;
			children = (
			);
			path = Models;
			sourceTree = "<group>";
		};
		0475AF44213D3D8F00DEBFC1 /* Views */ = {
			isa = PBXGroup;
			children = (
			);
			path = Views;
			sourceTree = "<group>";
		};
		0475AF45213D3D8F00DEBFC1 /* Models */ = {
			isa = PBXGroup;
			children = (
			);
			path = Models;
			sourceTree = "<group>";
		};
		0475AF46213D3D8F00DEBFC1 /* Controllers */ = {
			isa = PBXGroup;
			children = (
				0475AF54213D3E0200DEBFC1 /* BroadcastController.swift */,
			);
			path = Controllers;
			sourceTree = "<group>";
		};
		0475AF47213D3D9900DEBFC1 /* Models */ = {
			isa = PBXGroup;
			children = (
			);
			path = Models;
			sourceTree = "<group>";
		};
		0475AF48213D3D9900DEBFC1 /* Controllers */ = {
			isa = PBXGroup;
			children = (
				0475AF56213D3E1100DEBFC1 /* LiveController.swift */,
			);
			path = Controllers;
			sourceTree = "<group>";
		};
		0475AF49213D3D9900DEBFC1 /* Views */ = {
			isa = PBXGroup;
			children = (
			);
			path = Views;
			sourceTree = "<group>";
		};
		0475AF4A213D3DA500DEBFC1 /* Models */ = {
			isa = PBXGroup;
			children = (
			);
			path = Models;
			sourceTree = "<group>";
		};
		0475AF4B213D3DA500DEBFC1 /* Controllers */ = {
			isa = PBXGroup;
			children = (
				0475AF58213D3E1B00DEBFC1 /* VipController.swift */,
			);
			path = Controllers;
			sourceTree = "<group>";
		};
		0475AF4C213D3DA500DEBFC1 /* Views */ = {
			isa = PBXGroup;
			children = (
			);
			path = Views;
			sourceTree = "<group>";
		};
		0475AF4D213D3DB600DEBFC1 /* Controllers */ = {
			isa = PBXGroup;
			children = (
				0475AF4E213D3DB600DEBFC1 /* RecommendController.swift */,
			);
			path = Controllers;
			sourceTree = "<group>";
		};
		0475AF4F213D3DB600DEBFC1 /* Views */ = {
			isa = PBXGroup;
			children = (
			);
			path = Views;
			sourceTree = "<group>";
		};
		0475AF50213D3DB600DEBFC1 /* Models */ = {
			isa = PBXGroup;
			children = (
			);
			path = Models;
			sourceTree = "<group>";
		};
		049DBD58214B67E1007A1826 /* SubController */ = {
			isa = PBXGroup;
			children = (
				049DBD59214B67E1007A1826 /* ClassAndStructController.swift */,
				044AA2CE2150899000801CA6 /* OOOrFunctionController.swift */,
			);
			path = SubController;
			sourceTree = "<group>";
		};
/* End PBXGroup section */

/* Begin PBXNativeTarget section */
		0135D38120DDF2DA008E83D9 /* Swift */ = {
			isa = PBXNativeTarget;
			buildConfigurationList = 0135D39420DDF2DA008E83D9 /* Build configuration list for PBXNativeTarget "Swift" */;
			buildPhases = (
				0135D37E20DDF2DA008E83D9 /* Sources */,
				0135D37F20DDF2DA008E83D9 /* Frameworks */,
				0135D38020DDF2DA008E83D9 /* Resources */,
			);
			buildRules = (
			);
			dependencies = (
			);
			name = Swift;
			productName = Swift;
			productReference = 0135D38220DDF2DA008E83D9 /* Swift.app */;
			productType = "com.apple.product-type.application";
		};
		0135D39A20DDF317008E83D9 /* XiMaLaYa */ = {
			isa = PBXNativeTarget;
			buildConfigurationList = 0135D3AC20DDF317008E83D9 /* Build configuration list for PBXNativeTarget "XiMaLaYa" */;
			buildPhases = (
				0135D39720DDF317008E83D9 /* Sources */,
				0135D39820DDF317008E83D9 /* Frameworks */,
				0135D39920DDF317008E83D9 /* Resources */,
			);
			buildRules = (
			);
			dependencies = (
			);
			name = XiMaLaYa;
			productName = XiMaLaYa;
			productReference = 0135D39B20DDF317008E83D9 /* XiMaLaYa.app */;
			productType = "com.apple.product-type.application";
		};
		016AE39B2100271200A0D2D4 /* SwiftTour */ = {
			isa = PBXNativeTarget;
			buildConfigurationList = 016AE3AD2100271400A0D2D4 /* Build configuration list for PBXNativeTarget "SwiftTour" */;
			buildPhases = (
				016AE3982100271200A0D2D4 /* Sources */,
				016AE3992100271200A0D2D4 /* Frameworks */,
				016AE39A2100271200A0D2D4 /* Resources */,
			);
			buildRules = (
			);
			dependencies = (
			);
			name = SwiftTour;
			productName = SwiftTour;
			productReference = 016AE39C2100271200A0D2D4 /* SwiftTour.app */;
			productType = "com.apple.product-type.application";
		};
/* End PBXNativeTarget section */

/* Begin PBXProject section */
		0135D37A20DDF2DA008E83D9 /* Project object */ = {
			isa = PBXProject;
			attributes = {
				LastSwiftUpdateCheck = 0900;
				LastUpgradeCheck = 0900;
				ORGANIZATIONNAME = "朱献国";
				TargetAttributes = {
					0135D38120DDF2DA008E83D9 = {
						CreatedOnToolsVersion = 9.0.1;
						ProvisioningStyle = Automatic;
					};
					0135D39A20DDF317008E83D9 = {
						CreatedOnToolsVersion = 9.0.1;
						ProvisioningStyle = Automatic;
					};
					016AE39B2100271200A0D2D4 = {
						CreatedOnToolsVersion = 9.0.1;
						LastSwiftMigration = 0940;
						ProvisioningStyle = Automatic;
					};
				};
			};
			buildConfigurationList = 0135D37D20DDF2DA008E83D9 /* Build configuration list for PBXProject "Swift" */;
			compatibilityVersion = "Xcode 8.0";
			developmentRegion = en;
			hasScannedForEncodings = 0;
			knownRegions = (
				en,
				Base,
			);
			mainGroup = 0135D37920DDF2DA008E83D9;
			productRefGroup = 0135D38320DDF2DA008E83D9 /* Products */;
			projectDirPath = "";
			projectRoot = "";
			targets = (
				0135D38120DDF2DA008E83D9 /* Swift */,
				0135D39A20DDF317008E83D9 /* XiMaLaYa */,
				016AE39B2100271200A0D2D4 /* SwiftTour */,
			);
		};
/* End PBXProject section */

/* Begin PBXResourcesBuildPhase section */
		0135D38020DDF2DA008E83D9 /* Resources */ = {
			isa = PBXResourcesBuildPhase;
			buildActionMask = 2147483647;
			files = (
			);
			runOnlyForDeploymentPostprocessing = 0;
		};
		0135D39920DDF317008E83D9 /* Resources */ = {
			isa = PBXResourcesBuildPhase;
			buildActionMask = 2147483647;
			files = (
				0135D3A520DDF317008E83D9 /* Assets.xcassets in Resources */,
			);
			runOnlyForDeploymentPostprocessing = 0;
		};
		016AE39A2100271200A0D2D4 /* Resources */ = {
			isa = PBXResourcesBuildPhase;
			buildActionMask = 2147483647;
			files = (
				016AE3A92100271400A0D2D4 /* LaunchScreen.storyboard in Resources */,
				016AE3A62100271300A0D2D4 /* Assets.xcassets in Resources */,
				016AE3A42100271300A0D2D4 /* Main.storyboard in Resources */,
			);
			runOnlyForDeploymentPostprocessing = 0;
		};
/* End PBXResourcesBuildPhase section */

/* Begin PBXSourcesBuildPhase section */
		0135D37E20DDF2DA008E83D9 /* Sources */ = {
			isa = PBXSourcesBuildPhase;
			buildActionMask = 2147483647;
			files = (
			);
			runOnlyForDeploymentPostprocessing = 0;
		};
		0135D39720DDF317008E83D9 /* Sources */ = {
			isa = PBXSourcesBuildPhase;
			buildActionMask = 2147483647;
			files = (
				0135D3B820DE253B008E83D9 /* CustomNavigationController.swift in Sources */,
				042D6952213D68900056CD93 /* PageCategoryView.swift in Sources */,
				0475AF5B213D414C00DEBFC1 /* PageView.swift in Sources */,
				0135D3B020DDFCA1008E83D9 /* AppDelegate.swift in Sources */,
				0135D3D120DE2851008E83D9 /* DownloadController.swift in Sources */,
				0475AF57213D3E1100DEBFC1 /* LiveController.swift in Sources */,
				0135D3D520DE2874008E83D9 /* MineController.swift in Sources */,
				04D98E582143A87E000E24C1 /* PageContentView.swift in Sources */,
				0415A0FB213D31C000D8461D /* Common.swift in Sources */,
				0475AF53213D3DE700DEBFC1 /* CategoryController.swift in Sources */,
				0466EDF9213FA3EA00CB7589 /* PageViewConfig.swift in Sources */,
				0475AF51213D3DB600DEBFC1 /* RecommendController.swift in Sources */,
				0475AF55213D3E0200DEBFC1 /* BroadcastController.swift in Sources */,
				0475AF35213D399200DEBFC1 /* BaseViewController.swift in Sources */,
				0475AF59213D3E1B00DEBFC1 /* VipController.swift in Sources */,
				0135D3B420DDFCED008E83D9 /* MainTabBarController.swift in Sources */,
				0135D3DA20DE28AC008E83D9 /* PlayController.swift in Sources */,
				0475AF3F213D3B9D00DEBFC1 /* FindController.swift in Sources */,
				0135D3D320DE2860008E83D9 /* SubscribeController.swift in Sources */,
			);
			runOnlyForDeploymentPostprocessing = 0;
		};
		016AE3982100271200A0D2D4 /* Sources */ = {
			isa = PBXSourcesBuildPhase;
			buildActionMask = 2147483647;
			files = (
				044AA2CF2150899000801CA6 /* OOOrFunctionController.swift in Sources */,
				017EBA8A21017F1300D46E97 /* FatherController.swift in Sources */,
				016AE3A12100271300A0D2D4 /* ViewController.swift in Sources */,
				017EBA8C2101821700D46E97 /* SonController.swift in Sources */,
				016AE39F2100271300A0D2D4 /* AppDelegate.swift in Sources */,
				049DBD5A214B67E1007A1826 /* ClassAndStructController.swift in Sources */,
			);
			runOnlyForDeploymentPostprocessing = 0;
		};
/* End PBXSourcesBuildPhase section */

/* Begin PBXVariantGroup section */
		016AE3A22100271300A0D2D4 /* Main.storyboard */ = {
			isa = PBXVariantGroup;
			children = (
				016AE3A32100271300A0D2D4 /* Base */,
			);
			name = Main.storyboard;
			sourceTree = "<group>";
		};
		016AE3A72100271400A0D2D4 /* LaunchScreen.storyboard */ = {
			isa = PBXVariantGroup;
			children = (
				016AE3A82100271400A0D2D4 /* Base */,
			);
			name = LaunchScreen.storyboard;
			sourceTree = "<group>";
		};
/* End PBXVariantGroup section */

/* Begin XCBuildConfiguration section */
		0135D39220DDF2DA008E83D9 /* Debug */ = {
			isa = XCBuildConfiguration;
			buildSettings = {
				ALWAYS_SEARCH_USER_PATHS = NO;
				CLANG_ANALYZER_NONNULL = YES;
				CLANG_ANALYZER_NUMBER_OBJECT_CONVERSION = YES_AGGRESSIVE;
				CLANG_CXX_LANGUAGE_STANDARD = "gnu++14";
				CLANG_CXX_LIBRARY = "libc++";
				CLANG_ENABLE_MODULES = YES;
				CLANG_ENABLE_OBJC_ARC = YES;
				CLANG_WARN_BLOCK_CAPTURE_AUTORELEASING = YES;
				CLANG_WARN_BOOL_CONVERSION = YES;
				CLANG_WARN_COMMA = YES;
				CLANG_WARN_CONSTANT_CONVERSION = YES;
				CLANG_WARN_DIRECT_OBJC_ISA_USAGE = YES_ERROR;
				CLANG_WARN_DOCUMENTATION_COMMENTS = YES;
				CLANG_WARN_EMPTY_BODY = YES;
				CLANG_WARN_ENUM_CONVERSION = YES;
				CLANG_WARN_INFINITE_RECURSION = YES;
				CLANG_WARN_INT_CONVERSION = YES;
				CLANG_WARN_NON_LITERAL_NULL_CONVERSION = YES;
				CLANG_WARN_OBJC_LITERAL_CONVERSION = YES;
				CLANG_WARN_OBJC_ROOT_CLASS = YES_ERROR;
				CLANG_WARN_RANGE_LOOP_ANALYSIS = YES;
				CLANG_WARN_STRICT_PROTOTYPES = YES;
				CLANG_WARN_SUSPICIOUS_MOVE = YES;
				CLANG_WARN_UNGUARDED_AVAILABILITY = YES_AGGRESSIVE;
				CLANG_WARN_UNREACHABLE_CODE = YES;
				CLANG_WARN__DUPLICATE_METHOD_MATCH = YES;
				CODE_SIGN_IDENTITY = "iPhone Developer";
				COPY_PHASE_STRIP = NO;
				DEBUG_INFORMATION_FORMAT = dwarf;
				ENABLE_STRICT_OBJC_MSGSEND = YES;
				ENABLE_TESTABILITY = YES;
				GCC_C_LANGUAGE_STANDARD = gnu11;
				GCC_DYNAMIC_NO_PIC = NO;
				GCC_NO_COMMON_BLOCKS = YES;
				GCC_OPTIMIZATION_LEVEL = 0;
				GCC_PREPROCESSOR_DEFINITIONS = (
					"DEBUG=1",
					"$(inherited)",
				);
				GCC_WARN_64_TO_32_BIT_CONVERSION = YES;
				GCC_WARN_ABOUT_RETURN_TYPE = YES_ERROR;
				GCC_WARN_UNDECLARED_SELECTOR = YES;
				GCC_WARN_UNINITIALIZED_AUTOS = YES_AGGRESSIVE;
				GCC_WARN_UNUSED_FUNCTION = YES;
				GCC_WARN_UNUSED_VARIABLE = YES;
				IPHONEOS_DEPLOYMENT_TARGET = 11.0;
				MTL_ENABLE_DEBUG_INFO = YES;
				ONLY_ACTIVE_ARCH = YES;
				SDKROOT = iphoneos;
				SWIFT_ACTIVE_COMPILATION_CONDITIONS = DEBUG;
				SWIFT_OPTIMIZATION_LEVEL = "-Onone";
			};
			name = Debug;
		};
		0135D39320DDF2DA008E83D9 /* Release */ = {
			isa = XCBuildConfiguration;
			buildSettings = {
				ALWAYS_SEARCH_USER_PATHS = NO;
				CLANG_ANALYZER_NONNULL = YES;
				CLANG_ANALYZER_NUMBER_OBJECT_CONVERSION = YES_AGGRESSIVE;
				CLANG_CXX_LANGUAGE_STANDARD = "gnu++14";
				CLANG_CXX_LIBRARY = "libc++";
				CLANG_ENABLE_MODULES = YES;
				CLANG_ENABLE_OBJC_ARC = YES;
				CLANG_WARN_BLOCK_CAPTURE_AUTORELEASING = YES;
				CLANG_WARN_BOOL_CONVERSION = YES;
				CLANG_WARN_COMMA = YES;
				CLANG_WARN_CONSTANT_CONVERSION = YES;
				CLANG_WARN_DIRECT_OBJC_ISA_USAGE = YES_ERROR;
				CLANG_WARN_DOCUMENTATION_COMMENTS = YES;
				CLANG_WARN_EMPTY_BODY = YES;
				CLANG_WARN_ENUM_CONVERSION = YES;
				CLANG_WARN_INFINITE_RECURSION = YES;
				CLANG_WARN_INT_CONVERSION = YES;
				CLANG_WARN_NON_LITERAL_NULL_CONVERSION = YES;
				CLANG_WARN_OBJC_LITERAL_CONVERSION = YES;
				CLANG_WARN_OBJC_ROOT_CLASS = YES_ERROR;
				CLANG_WARN_RANGE_LOOP_ANALYSIS = YES;
				CLANG_WARN_STRICT_PROTOTYPES = YES;
				CLANG_WARN_SUSPICIOUS_MOVE = YES;
				CLANG_WARN_UNGUARDED_AVAILABILITY = YES_AGGRESSIVE;
				CLANG_WARN_UNREACHABLE_CODE = YES;
				CLANG_WARN__DUPLICATE_METHOD_MATCH = YES;
				CODE_SIGN_IDENTITY = "iPhone Developer";
				COPY_PHASE_STRIP = NO;
				DEBUG_INFORMATION_FORMAT = "dwarf-with-dsym";
				ENABLE_NS_ASSERTIONS = NO;
				ENABLE_STRICT_OBJC_MSGSEND = YES;
				GCC_C_LANGUAGE_STANDARD = gnu11;
				GCC_NO_COMMON_BLOCKS = YES;
				GCC_WARN_64_TO_32_BIT_CONVERSION = YES;
				GCC_WARN_ABOUT_RETURN_TYPE = YES_ERROR;
				GCC_WARN_UNDECLARED_SELECTOR = YES;
				GCC_WARN_UNINITIALIZED_AUTOS = YES_AGGRESSIVE;
				GCC_WARN_UNUSED_FUNCTION = YES;
				GCC_WARN_UNUSED_VARIABLE = YES;
				IPHONEOS_DEPLOYMENT_TARGET = 11.0;
				MTL_ENABLE_DEBUG_INFO = NO;
				SDKROOT = iphoneos;
				SWIFT_OPTIMIZATION_LEVEL = "-Owholemodule";
				VALIDATE_PRODUCT = YES;
			};
			name = Release;
		};
		0135D39520DDF2DA008E83D9 /* Debug */ = {
			isa = XCBuildConfiguration;
			buildSettings = {
				ASSETCATALOG_COMPILER_APPICON_NAME = AppIcon;
				CODE_SIGN_STYLE = Automatic;
				INFOPLIST_FILE = Swift/Info.plist;
				LD_RUNPATH_SEARCH_PATHS = "$(inherited) @executable_path/Frameworks";
				PRODUCT_BUNDLE_IDENTIFIER = test.Swift;
				PRODUCT_NAME = "$(TARGET_NAME)";
				SWIFT_VERSION = 4.0;
				TARGETED_DEVICE_FAMILY = "1,2";
			};
			name = Debug;
		};
		0135D39620DDF2DA008E83D9 /* Release */ = {
			isa = XCBuildConfiguration;
			buildSettings = {
				ASSETCATALOG_COMPILER_APPICON_NAME = AppIcon;
				CODE_SIGN_STYLE = Automatic;
				INFOPLIST_FILE = Swift/Info.plist;
				LD_RUNPATH_SEARCH_PATHS = "$(inherited) @executable_path/Frameworks";
				PRODUCT_BUNDLE_IDENTIFIER = test.Swift;
				PRODUCT_NAME = "$(TARGET_NAME)";
				SWIFT_VERSION = 4.0;
				TARGETED_DEVICE_FAMILY = "1,2";
			};
			name = Release;
		};
		0135D3AA20DDF317008E83D9 /* Debug */ = {
			isa = XCBuildConfiguration;
			buildSettings = {
				ALWAYS_EMBED_SWIFT_STANDARD_LIBRARIES = NO;
				ASSETCATALOG_COMPILER_APPICON_NAME = AppIcon;
				CODE_SIGN_STYLE = Automatic;
				DEVELOPMENT_TEAM = K2B7L95AWX;
				INFOPLIST_FILE = XiMaLaYa/Info.plist;
				IPHONEOS_DEPLOYMENT_TARGET = 9.0;
				LD_RUNPATH_SEARCH_PATHS = "$(inherited) @executable_path/Frameworks";
				PRODUCT_BUNDLE_IDENTIFIER = com.zxg.onzxgway;
				PRODUCT_NAME = "$(TARGET_NAME)";
				SWIFT_VERSION = 4.0;
				TARGETED_DEVICE_FAMILY = "1,2";
			};
			name = Debug;
		};
		0135D3AB20DDF317008E83D9 /* Release */ = {
			isa = XCBuildConfiguration;
			buildSettings = {
				ALWAYS_EMBED_SWIFT_STANDARD_LIBRARIES = NO;
				ASSETCATALOG_COMPILER_APPICON_NAME = AppIcon;
				CODE_SIGN_STYLE = Automatic;
				DEVELOPMENT_TEAM = K2B7L95AWX;
				INFOPLIST_FILE = XiMaLaYa/Info.plist;
				IPHONEOS_DEPLOYMENT_TARGET = 9.0;
				LD_RUNPATH_SEARCH_PATHS = "$(inherited) @executable_path/Frameworks";
				PRODUCT_BUNDLE_IDENTIFIER = com.zxg.onzxgway;
				PRODUCT_NAME = "$(TARGET_NAME)";
				SWIFT_VERSION = 4.0;
				TARGETED_DEVICE_FAMILY = "1,2";
			};
			name = Release;
		};
		016AE3AB2100271400A0D2D4 /* Debug */ = {
			isa = XCBuildConfiguration;
			buildSettings = {
				ASSETCATALOG_COMPILER_APPICON_NAME = AppIcon;
				CLANG_ENABLE_MODULES = YES;
				CODE_SIGN_STYLE = Automatic;
				DEVELOPMENT_TEAM = K2B7L95AWX;
				INFOPLIST_FILE = SwiftTour/Info.plist;
				IPHONEOS_DEPLOYMENT_TARGET = 9.0;
				LD_RUNPATH_SEARCH_PATHS = "$(inherited) @executable_path/Frameworks";
				PRODUCT_BUNDLE_IDENTIFIER = com.zxg.onzxgway;
				PRODUCT_NAME = "$(TARGET_NAME)";
				SWIFT_INSTALL_OBJC_HEADER = NO;
				SWIFT_OBJC_BRIDGING_HEADER = "";
				SWIFT_OPTIMIZATION_LEVEL = "-Onone";
				SWIFT_VERSION = 4.0;
				TARGETED_DEVICE_FAMILY = "1,2";
			};
			name = Debug;
		};
		016AE3AC2100271400A0D2D4 /* Release */ = {
			isa = XCBuildConfiguration;
			buildSettings = {
				ASSETCATALOG_COMPILER_APPICON_NAME = AppIcon;
				CLANG_ENABLE_MODULES = YES;
				CODE_SIGN_STYLE = Automatic;
				DEVELOPMENT_TEAM = K2B7L95AWX;
				INFOPLIST_FILE = SwiftTour/Info.plist;
				IPHONEOS_DEPLOYMENT_TARGET = 9.0;
				LD_RUNPATH_SEARCH_PATHS = "$(inherited) @executable_path/Frameworks";
				PRODUCT_BUNDLE_IDENTIFIER = com.zxg.onzxgway;
				PRODUCT_NAME = "$(TARGET_NAME)";
				SWIFT_INSTALL_OBJC_HEADER = NO;
				SWIFT_OBJC_BRIDGING_HEADER = "";
				SWIFT_VERSION = 4.0;
				TARGETED_DEVICE_FAMILY = "1,2";
			};
			name = Release;
		};
/* End XCBuildConfiguration section */

/* Begin XCConfigurationList section */
		0135D37D20DDF2DA008E83D9 /* Build configuration list for PBXProject "Swift" */ = {
			isa = XCConfigurationList;
			buildConfigurations = (
				0135D39220DDF2DA008E83D9 /* Debug */,
				0135D39320DDF2DA008E83D9 /* Release */,
			);
			defaultConfigurationIsVisible = 0;
			defaultConfigurationName = Release;
		};
		0135D39420DDF2DA008E83D9 /* Build configuration list for PBXNativeTarget "Swift" */ = {
			isa = XCConfigurationList;
			buildConfigurations = (
				0135D39520DDF2DA008E83D9 /* Debug */,
				0135D39620DDF2DA008E83D9 /* Release */,
			);
			defaultConfigurationIsVisible = 0;
			defaultConfigurationName = Release;
		};
		0135D3AC20DDF317008E83D9 /* Build configuration list for PBXNativeTarget "XiMaLaYa" */ = {
			isa = XCConfigurationList;
			buildConfigurations = (
				0135D3AA20DDF317008E83D9 /* Debug */,
				0135D3AB20DDF317008E83D9 /* Release */,
			);
			defaultConfigurationIsVisible = 0;
			defaultConfigurationName = Release;
		};
		016AE3AD2100271400A0D2D4 /* Build configuration list for PBXNativeTarget "SwiftTour" */ = {
			isa = XCConfigurationList;
			buildConfigurations = (
				016AE3AB2100271400A0D2D4 /* Debug */,
				016AE3AC2100271400A0D2D4 /* Release */,
			);
			defaultConfigurationIsVisible = 0;
			defaultConfigurationName = Release;
		};
/* End XCConfigurationList section */
	};
	rootObject = 0135D37A20DDF2DA008E83D9 /* Project object */;
}
